
Microsoft Visual Studio Solution File, Format Version 12.00
# Visual Studio 14
VisualStudioVersion = 14.0.25420.1
MinimumVisualStudioVersion = 10.0.40219.1
Project("{FAE04EC0-301F-11D3-BF4B-00C04F79EFBC}") = "NTAF.Core", "NTAF.Core\NTAF.Core.csproj", "{108F5FA9-CABB-42B3-AB25-417320A22C4A}"
EndProject
Project("{FAE04EC0-301F-11D3-BF4B-00C04F79EFBC}") = "NTUniverseBuilder", "NTUniverseBuilder\NTUniverseBuilder.csproj", "{3CB12A15-41D0-4BCE-BCF9-94AFD809493E}"
EndProject
Project("{FAE04EC0-301F-11D3-BF4B-00C04F79EFBC}") = "NTAF.Data", "NTAF.Data\NTAF.Data.csproj", "{6EEB1A69-55DE-4F0D-9A2D-C727A301A060}"
EndProject
Project("{FAE04EC0-301F-11D3-BF4B-00C04F79EFBC}") = "NTAF.PlugInFramework", "NTAF.PlugInFramework\NTAF.PlugInFramework.csproj", "{C7AEB060-AA1C-4DF0-82F2-65ACFD614F3B}"
EndProject
Project("{FAE04EC0-301F-11D3-BF4B-00C04F79EFBC}") = "NTAF.PrintEngine", "NTAF.PrintEngine\NTAF.PrintEngine.csproj", "{A6B76C5C-1CC1-4029-A9ED-313290352C80}"
EndProject
Project("{2150E333-8FDC-42A3-9474-1A3956D46DE8}") = "CoreComponents", "CoreComponents", "{E99DB3E1-0FFB-42CF-86BB-22B6CC886651}"
EndProject
Project("{2150E333-8FDC-42A3-9474-1A3956D46DE8}") = "PluginProjects", "PluginProjects", "{5414F884-97DD-4C80-B7E9-D9F0483E75D4}"
EndProject
Project("{2150E333-8FDC-42A3-9474-1A3956D46DE8}") = "TemplateStuff", "TemplateStuff", "{09F02A4E-46DE-47D7-A7BD-0A097ED4A7E6}"
EndProject
Project("{2150E333-8FDC-42A3-9474-1A3956D46DE8}") = "UniverseBuilders", "UniverseBuilders", "{56AE688E-E745-454E-B96E-A4CE538E3B6D}"
EndProject
Project("{2150E333-8FDC-42A3-9474-1A3956D46DE8}") = "CrewBuilders", "CrewBuilders", "{15C32800-1D5C-4E9B-8A76-7EBF94B70854}"
EndProject
Project("{FAE04EC0-301F-11D3-BF4B-00C04F79EFBC}") = "CoreTypes", "NTAFPlugins\CoreTypes\CoreTypes.csproj", "{FC6EFC8E-7458-450B-9DAA-348DE4C5A59A}"
EndProject
Project("{FAE04EC0-301F-11D3-BF4B-00C04F79EFBC}") = "NTAF.Controls", "NTAF.Controls\NTAF.Controls.csproj", "{F0DF98E1-3409-4FB1-94E2-BBBEAA41EC74}"
EndProject
Global
	GlobalSection(SolutionConfigurationPlatforms) = preSolution
		Debug|Any CPU = Debug|Any CPU
		Debug|x64 = Debug|x64
		Debug|x86 = Debug|x86
		Online|Any CPU = Online|Any CPU
		Online|x64 = Online|x64
		Online|x86 = Online|x86
		Release|Any CPU = Release|Any CPU
		Release|x64 = Release|x64
		Release|x86 = Release|x86
		TemplateBuilder|Any CPU = TemplateBuilder|Any CPU
		TemplateBuilder|x64 = TemplateBuilder|x64
		TemplateBuilder|x86 = TemplateBuilder|x86
	EndGlobalSection
	GlobalSection(ProjectConfigurationPlatforms) = postSolution
		{108F5FA9-CABB-42B3-AB25-417320A22C4A}.Debug|Any CPU.ActiveCfg = Debug|Any CPU
		{108F5FA9-CABB-42B3-AB25-417320A22C4A}.Debug|Any CPU.Build.0 = Debug|Any CPU
		{108F5FA9-CABB-42B3-AB25-417320A22C4A}.Debug|x64.ActiveCfg = Debug|Any CPU
		{108F5FA9-CABB-42B3-AB25-417320A22C4A}.Debug|x64.Build.0 = Debug|Any CPU
		{108F5FA9-CABB-42B3-AB25-417320A22C4A}.Debug|x86.ActiveCfg = Debug|Any CPU
		{108F5FA9-CABB-42B3-AB25-417320A22C4A}.Debug|x86.Build.0 = Debug|Any CPU
		{108F5FA9-CABB-42B3-AB25-417320A22C4A}.Online|Any CPU.ActiveCfg = Release|Any CPU
		{108F5FA9-CABB-42B3-AB25-417320A22C4A}.Online|Any CPU.Build.0 = Release|Any CPU
		{108F5FA9-CABB-42B3-AB25-417320A22C4A}.Online|x64.ActiveCfg = Release|Any CPU
		{108F5FA9-CABB-42B3-AB25-417320A22C4A}.Online|x64.Build.0 = Release|Any CPU
		{108F5FA9-CABB-42B3-AB25-417320A22C4A}.Online|x86.ActiveCfg = Release|Any CPU
		{108F5FA9-CABB-42B3-AB25-417320A22C4A}.Online|x86.Build.0 = Release|Any CPU
		{108F5FA9-CABB-42B3-AB25-417320A22C4A}.Release|Any CPU.ActiveCfg = Release|Any CPU
		{108F5FA9-CABB-42B3-AB25-417320A22C4A}.Release|Any CPU.Build.0 = Release|Any CPU
		{108F5FA9-CABB-42B3-AB25-417320A22C4A}.Release|x64.ActiveCfg = Release|Any CPU
		{108F5FA9-CABB-42B3-AB25-417320A22C4A}.Release|x64.Build.0 = Release|Any CPU
		{108F5FA9-CABB-42B3-AB25-417320A22C4A}.Release|x86.ActiveCfg = Release|Any CPU
		{108F5FA9-CABB-42B3-AB25-417320A22C4A}.Release|x86.Build.0 = Release|Any CPU
		{108F5FA9-CABB-42B3-AB25-417320A22C4A}.TemplateBuilder|Any CPU.ActiveCfg = Release|Any CPU
		{108F5FA9-CABB-42B3-AB25-417320A22C4A}.TemplateBuilder|Any CPU.Build.0 = Release|Any CPU
		{108F5FA9-CABB-42B3-AB25-417320A22C4A}.TemplateBuilder|x64.ActiveCfg = Release|Any CPU
		{108F5FA9-CABB-42B3-AB25-417320A22C4A}.TemplateBuilder|x64.Build.0 = Release|Any CPU
		{108F5FA9-CABB-42B3-AB25-417320A22C4A}.TemplateBuilder|x86.ActiveCfg = Release|Any CPU
		{108F5FA9-CABB-42B3-AB25-417320A22C4A}.TemplateBuilder|x86.Build.0 = Release|Any CPU
		{3CB12A15-41D0-4BCE-BCF9-94AFD809493E}.Debug|Any CPU.ActiveCfg = Debug|Any CPU
		{3CB12A15-41D0-4BCE-BCF9-94AFD809493E}.Debug|Any CPU.Build.0 = Debug|Any CPU
		{3CB12A15-41D0-4BCE-BCF9-94AFD809493E}.Debug|x64.ActiveCfg = Debug|Any CPU
		{3CB12A15-41D0-4BCE-BCF9-94AFD809493E}.Debug|x64.Build.0 = Debug|Any CPU
		{3CB12A15-41D0-4BCE-BCF9-94AFD809493E}.Debug|x86.ActiveCfg = Debug|Any CPU
		{3CB12A15-41D0-4BCE-BCF9-94AFD809493E}.Debug|x86.Build.0 = Debug|Any CPU
		{3CB12A15-41D0-4BCE-BCF9-94AFD809493E}.Online|Any CPU.ActiveCfg = Release|Any CPU
		{3CB12A15-41D0-4BCE-BCF9-94AFD809493E}.Online|Any CPU.Build.0 = Release|Any CPU
		{3CB12A15-41D0-4BCE-BCF9-94AFD809493E}.Online|x64.ActiveCfg = Release|Any CPU
		{3CB12A15-41D0-4BCE-BCF9-94AFD809493E}.Online|x64.Build.0 = Release|Any CPU
		{3CB12A15-41D0-4BCE-BCF9-94AFD809493E}.Online|x86.ActiveCfg = Release|Any CPU
		{3CB12A15-41D0-4BCE-BCF9-94AFD809493E}.Online|x86.Build.0 = Release|Any CPU
		{3CB12A15-41D0-4BCE-BCF9-94AFD809493E}.Release|Any CPU.ActiveCfg = Release|Any CPU
		{3CB12A15-41D0-4BCE-BCF9-94AFD809493E}.Release|Any CPU.Build.0 = Release|Any CPU
		{3CB12A15-41D0-4BCE-BCF9-94AFD809493E}.Release|x64.ActiveCfg = Release|Any CPU
		{3CB12A15-41D0-4BCE-BCF9-94AFD809493E}.Release|x64.Build.0 = Release|Any CPU
		{3CB12A15-41D0-4BCE-BCF9-94AFD809493E}.Release|x86.ActiveCfg = Release|Any CPU
		{3CB12A15-41D0-4BCE-BCF9-94AFD809493E}.Release|x86.Build.0 = Release|Any CPU
		{3CB12A15-41D0-4BCE-BCF9-94AFD809493E}.TemplateBuilder|Any CPU.ActiveCfg = Release|Any CPU
		{3CB12A15-41D0-4BCE-BCF9-94AFD809493E}.TemplateBuilder|Any CPU.Build.0 = Release|Any CPU
		{3CB12A15-41D0-4BCE-BCF9-94AFD809493E}.TemplateBuilder|x64.ActiveCfg = Release|Any CPU
		{3CB12A15-41D0-4BCE-BCF9-94AFD809493E}.TemplateBuilder|x64.Build.0 = Release|Any CPU
		{3CB12A15-41D0-4BCE-BCF9-94AFD809493E}.TemplateBuilder|x86.ActiveCfg = Release|Any CPU
		{3CB12A15-41D0-4BCE-BCF9-94AFD809493E}.TemplateBuilder|x86.Build.0 = Release|Any CPU
		{6EEB1A69-55DE-4F0D-9A2D-C727A301A060}.Debug|Any CPU.ActiveCfg = Debug|Any CPU
		{6EEB1A69-55DE-4F0D-9A2D-C727A301A060}.Debug|Any CPU.Build.0 = Debug|Any CPU
		{6EEB1A69-55DE-4F0D-9A2D-C727A301A060}.Debug|x64.ActiveCfg = Debug|Any CPU
		{6EEB1A69-55DE-4F0D-9A2D-C727A301A060}.Debug|x64.Build.0 = Debug|Any CPU
		{6EEB1A69-55DE-4F0D-9A2D-C727A301A060}.Debug|x86.ActiveCfg = Debug|Any CPU
		{6EEB1A69-55DE-4F0D-9A2D-C727A301A060}.Debug|x86.Build.0 = Debug|Any CPU
		{6EEB1A69-55DE-4F0D-9A2D-C727A301A060}.Online|Any CPU.ActiveCfg = Release|Any CPU
		{6EEB1A69-55DE-4F0D-9A2D-C727A301A060}.Online|Any CPU.Build.0 = Release|Any CPU
		{6EEB1A69-55DE-4F0D-9A2D-C727A301A060}.Online|x64.ActiveCfg = Release|Any CPU
		{6EEB1A69-55DE-4F0D-9A2D-C727A301A060}.Online|x64.Build.0 = Release|Any CPU
		{6EEB1A69-55DE-4F0D-9A2D-C727A301A060}.Online|x86.ActiveCfg = Release|Any CPU
		{6EEB1A69-55DE-4F0D-9A2D-C727A301A060}.Online|x86.Build.0 = Release|Any CPU
		{6EEB1A69-55DE-4F0D-9A2D-C727A301A060}.Release|Any CPU.ActiveCfg = Release|Any CPU
		{6EEB1A69-55DE-4F0D-9A2D-C727A301A060}.Release|Any CPU.Build.0 = Release|Any CPU
		{6EEB1A69-55DE-4F0D-9A2D-C727A301A060}.Release|x64.ActiveCfg = Release|Any CPU
		{6EEB1A69-55DE-4F0D-9A2D-C727A301A060}.Release|x64.Build.0 = Release|Any CPU
		{6EEB1A69-55DE-4F0D-9A2D-C727A301A060}.Release|x86.ActiveCfg = Release|Any CPU
		{6EEB1A69-55DE-4F0D-9A2D-C727A301A060}.Release|x86.Build.0 = Release|Any CPU
		{6EEB1A69-55DE-4F0D-9A2D-C727A301A060}.TemplateBuilder|Any CPU.ActiveCfg = Release|Any CPU
		{6EEB1A69-55DE-4F0D-9A2D-C727A301A060}.TemplateBuilder|Any CPU.Build.0 = Release|Any CPU
		{6EEB1A69-55DE-4F0D-9A2D-C727A301A060}.TemplateBuilder|x64.ActiveCfg = Release|Any CPU
		{6EEB1A69-55DE-4F0D-9A2D-C727A301A060}.TemplateBuilder|x64.Build.0 = Release|Any CPU
		{6EEB1A69-55DE-4F0D-9A2D-C727A301A060}.TemplateBuilder|x86.ActiveCfg = Release|Any CPU
		{6EEB1A69-55DE-4F0D-9A2D-C727A301A060}.TemplateBuilder|x86.Build.0 = Release|Any CPU
		{C7AEB060-AA1C-4DF0-82F2-65ACFD614F3B}.Debug|Any CPU.ActiveCfg = Debug|Any CPU
		{C7AEB060-AA1C-4DF0-82F2-65ACFD614F3B}.Debug|Any CPU.Build.0 = Debug|Any CPU
		{C7AEB060-AA1C-4DF0-82F2-65ACFD614F3B}.Debug|x64.ActiveCfg = Debug|x64
		{C7AEB060-AA1C-4DF0-82F2-65ACFD614F3B}.Debug|x64.Build.0 = Debug|x64
		{C7AEB060-AA1C-4DF0-82F2-65ACFD614F3B}.Debug|x86.ActiveCfg = Debug|x86
		{C7AEB060-AA1C-4DF0-82F2-65ACFD614F3B}.Debug|x86.Build.0 = Debug|x86
		{C7AEB060-AA1C-4DF0-82F2-65ACFD614F3B}.Online|Any CPU.ActiveCfg = Online|Any CPU
		{C7AEB060-AA1C-4DF0-82F2-65ACFD614F3B}.Online|Any CPU.Build.0 = Online|Any CPU
		{C7AEB060-AA1C-4DF0-82F2-65ACFD614F3B}.Online|x64.ActiveCfg = Online|x64
		{C7AEB060-AA1C-4DF0-82F2-65ACFD614F3B}.Online|x64.Build.0 = Online|x64
		{C7AEB060-AA1C-4DF0-82F2-65ACFD614F3B}.Online|x86.ActiveCfg = Online|x86
		{C7AEB060-AA1C-4DF0-82F2-65ACFD614F3B}.Online|x86.Build.0 = Online|x86
		{C7AEB060-AA1C-4DF0-82F2-65ACFD614F3B}.Release|Any CPU.ActiveCfg = Release|Any CPU
		{C7AEB060-AA1C-4DF0-82F2-65ACFD614F3B}.Release|Any CPU.Build.0 = Release|Any CPU
		{C7AEB060-AA1C-4DF0-82F2-65ACFD614F3B}.Release|x64.ActiveCfg = Release|x64
		{C7AEB060-AA1C-4DF0-82F2-65ACFD614F3B}.Release|x64.Build.0 = Release|x64
		{C7AEB060-AA1C-4DF0-82F2-65ACFD614F3B}.Release|x86.ActiveCfg = Release|x86
		{C7AEB060-AA1C-4DF0-82F2-65ACFD614F3B}.Release|x86.Build.0 = Release|x86
		{C7AEB060-AA1C-4DF0-82F2-65ACFD614F3B}.TemplateBuilder|Any CPU.ActiveCfg = TemplateBuilder|Any CPU
		{C7AEB060-AA1C-4DF0-82F2-65ACFD614F3B}.TemplateBuilder|Any CPU.Build.0 = TemplateBuilder|Any CPU
		{C7AEB060-AA1C-4DF0-82F2-65ACFD614F3B}.TemplateBuilder|x64.ActiveCfg = TemplateBuilder|x64
		{C7AEB060-AA1C-4DF0-82F2-65ACFD614F3B}.TemplateBuilder|x64.Build.0 = TemplateBuilder|x64
		{C7AEB060-AA1C-4DF0-82F2-65ACFD614F3B}.TemplateBuilder|x86.ActiveCfg = TemplateBuilder|x86
		{C7AEB060-AA1C-4DF0-82F2-65ACFD614F3B}.TemplateBuilder|x86.Build.0 = TemplateBuilder|x86
		{A6B76C5C-1CC1-4029-A9ED-313290352C80}.Debug|Any CPU.ActiveCfg = Debug|Any CPU
		{A6B76C5C-1CC1-4029-A9ED-313290352C80}.Debug|Any CPU.Build.0 = Debug|Any CPU
		{A6B76C5C-1CC1-4029-A9ED-313290352C80}.Debug|x64.ActiveCfg = Debug|x64
		{A6B76C5C-1CC1-4029-A9ED-313290352C80}.Debug|x64.Build.0 = Debug|x64
		{A6B76C5C-1CC1-4029-A9ED-313290352C80}.Debug|x86.ActiveCfg = Debug|x86
		{A6B76C5C-1CC1-4029-A9ED-313290352C80}.Debug|x86.Build.0 = Debug|x86
		{A6B76C5C-1CC1-4029-A9ED-313290352C80}.Online|Any CPU.ActiveCfg = Online|Any CPU
		{A6B76C5C-1CC1-4029-A9ED-313290352C80}.Online|Any CPU.Build.0 = Online|Any CPU
		{A6B76C5C-1CC1-4029-A9ED-313290352C80}.Online|x64.ActiveCfg = Online|x64
		{A6B76C5C-1CC1-4029-A9ED-313290352C80}.Online|x64.Build.0 = Online|x64
		{A6B76C5C-1CC1-4029-A9ED-313290352C80}.Online|x86.ActiveCfg = Online|x86
		{A6B76C5C-1CC1-4029-A9ED-313290352C80}.Online|x86.Build.0 = Online|x86
		{A6B76C5C-1CC1-4029-A9ED-313290352C80}.Release|Any CPU.ActiveCfg = Release|Any CPU
		{A6B76C5C-1CC1-4029-A9ED-313290352C80}.Release|Any CPU.Build.0 = Release|Any CPU
		{A6B76C5C-1CC1-4029-A9ED-313290352C80}.Release|x64.ActiveCfg = Release|x64
		{A6B76C5C-1CC1-4029-A9ED-313290352C80}.Release|x64.Build.0 = Release|x64
		{A6B76C5C-1CC1-4029-A9ED-313290352C80}.Release|x86.ActiveCfg = Release|x86
		{A6B76C5C-1CC1-4029-A9ED-313290352C80}.Release|x86.Build.0 = Release|x86
		{A6B76C5C-1CC1-4029-A9ED-313290352C80}.TemplateBuilder|Any CPU.ActiveCfg = TemplateBuilder|Any CPU
		{A6B76C5C-1CC1-4029-A9ED-313290352C80}.TemplateBuilder|Any CPU.Build.0 = TemplateBuilder|Any CPU
		{A6B76C5C-1CC1-4029-A9ED-313290352C80}.TemplateBuilder|x64.ActiveCfg = TemplateBuilder|x64
		{A6B76C5C-1CC1-4029-A9ED-313290352C80}.TemplateBuilder|x64.Build.0 = TemplateBuilder|x64
		{A6B76C5C-1CC1-4029-A9ED-313290352C80}.TemplateBuilder|x86.ActiveCfg = TemplateBuilder|x86
		{A6B76C5C-1CC1-4029-A9ED-313290352C80}.TemplateBuilder|x86.Build.0 = TemplateBuilder|x86
		{FC6EFC8E-7458-450B-9DAA-348DE4C5A59A}.Debug|Any CPU.ActiveCfg = Debug|Any CPU
		{FC6EFC8E-7458-450B-9DAA-348DE4C5A59A}.Debug|Any CPU.Build.0 = Debug|Any CPU
		{FC6EFC8E-7458-450B-9DAA-348DE4C5A59A}.Debug|x64.ActiveCfg = Debug|x64
		{FC6EFC8E-7458-450B-9DAA-348DE4C5A59A}.Debug|x64.Build.0 = Debug|x64
		{FC6EFC8E-7458-450B-9DAA-348DE4C5A59A}.Debug|x86.ActiveCfg = Debug|x86
		{FC6EFC8E-7458-450B-9DAA-348DE4C5A59A}.Debug|x86.Build.0 = Debug|x86
		{FC6EFC8E-7458-450B-9DAA-348DE4C5A59A}.Online|Any CPU.ActiveCfg = Online|Any CPU
		{FC6EFC8E-7458-450B-9DAA-348DE4C5A59A}.Online|Any CPU.Build.0 = Online|Any CPU
		{FC6EFC8E-7458-450B-9DAA-348DE4C5A59A}.Online|x64.ActiveCfg = Online|x64
		{FC6EFC8E-7458-450B-9DAA-348DE4C5A59A}.Online|x64.Build.0 = Online|x64
		{FC6EFC8E-7458-450B-9DAA-348DE4C5A59A}.Online|x86.ActiveCfg = Online|x86
		{FC6EFC8E-7458-450B-9DAA-348DE4C5A59A}.Online|x86.Build.0 = Online|x86
		{FC6EFC8E-7458-450B-9DAA-348DE4C5A59A}.Release|Any CPU.ActiveCfg = Release|Any CPU
		{FC6EFC8E-7458-450B-9DAA-348DE4C5A59A}.Release|Any CPU.Build.0 = Release|Any CPU
		{FC6EFC8E-7458-450B-9DAA-348DE4C5A59A}.Release|x64.ActiveCfg = Release|x64
		{FC6EFC8E-7458-450B-9DAA-348DE4C5A59A}.Release|x64.Build.0 = Release|x64
		{FC6EFC8E-7458-450B-9DAA-348DE4C5A59A}.Release|x86.ActiveCfg = Release|x86
		{FC6EFC8E-7458-450B-9DAA-348DE4C5A59A}.Release|x86.Build.0 = Release|x86
		{FC6EFC8E-7458-450B-9DAA-348DE4C5A59A}.TemplateBuilder|Any CPU.ActiveCfg = TemplateBuilder|Any CPU
		{FC6EFC8E-7458-450B-9DAA-348DE4C5A59A}.TemplateBuilder|Any CPU.Build.0 = TemplateBuilder|Any CPU
		{FC6EFC8E-7458-450B-9DAA-348DE4C5A59A}.TemplateBuilder|x64.ActiveCfg = TemplateBuilder|x64
		{FC6EFC8E-7458-450B-9DAA-348DE4C5A59A}.TemplateBuilder|x64.Build.0 = TemplateBuilder|x64
		{FC6EFC8E-7458-450B-9DAA-348DE4C5A59A}.TemplateBuilder|x86.ActiveCfg = TemplateBuilder|x86
		{FC6EFC8E-7458-450B-9DAA-348DE4C5A59A}.TemplateBuilder|x86.Build.0 = TemplateBuilder|x86
		{F0DF98E1-3409-4FB1-94E2-BBBEAA41EC74}.Debug|Any CPU.ActiveCfg = Debug|x86
		{F0DF98E1-3409-4FB1-94E2-BBBEAA41EC74}.Debug|x64.ActiveCfg = Debug|x86
		{F0DF98E1-3409-4FB1-94E2-BBBEAA41EC74}.Debug|x86.ActiveCfg = Debug|x86
		{F0DF98E1-3409-4FB1-94E2-BBBEAA41EC74}.Debug|x86.Build.0 = Debug|x86
		{F0DF98E1-3409-4FB1-94E2-BBBEAA41EC74}.Online|Any CPU.ActiveCfg = Release|x86
		{F0DF98E1-3409-4FB1-94E2-BBBEAA41EC74}.Online|Any CPU.Build.0 = Release|x86
		{F0DF98E1-3409-4FB1-94E2-BBBEAA41EC74}.Online|x64.ActiveCfg = Release|x86
		{F0DF98E1-3409-4FB1-94E2-BBBEAA41EC74}.Online|x64.Build.0 = Release|x86
		{F0DF98E1-3409-4FB1-94E2-BBBEAA41EC74}.Online|x86.ActiveCfg = Release|x86
		{F0DF98E1-3409-4FB1-94E2-BBBEAA41EC74}.Online|x86.Build.0 = Release|x86
		{F0DF98E1-3409-4FB1-94E2-BBBEAA41EC74}.Release|Any CPU.ActiveCfg = Release|x86
		{F0DF98E1-3409-4FB1-94E2-BBBEAA41EC74}.Release|x64.ActiveCfg = Release|x86
		{F0DF98E1-3409-4FB1-94E2-BBBEAA41EC74}.Release|x86.ActiveCfg = Release|x86
		{F0DF98E1-3409-4FB1-94E2-BBBEAA41EC74}.Release|x86.Build.0 = Release|x86
		{F0DF98E1-3409-4FB1-94E2-BBBEAA41EC74}.TemplateBuilder|Any CPU.ActiveCfg = Release|x86
		{F0DF98E1-3409-4FB1-94E2-BBBEAA41EC74}.TemplateBuilder|Any CPU.Build.0 = Release|x86
		{F0DF98E1-3409-4FB1-94E2-BBBEAA41EC74}.TemplateBuilder|x64.ActiveCfg = Release|x86
		{F0DF98E1-3409-4FB1-94E2-BBBEAA41EC74}.TemplateBuilder|x64.Build.0 = Release|x86
		{F0DF98E1-3409-4FB1-94E2-BBBEAA41EC74}.TemplateBuilder|x86.ActiveCfg = Release|x86
		{F0DF98E1-3409-4FB1-94E2-BBBEAA41EC74}.TemplateBuilder|x86.Build.0 = Release|x86
	EndGlobalSection
	GlobalSection(SolutionProperties) = preSolution
		HideSolutionNode = FALSE
	EndGlobalSection
	GlobalSection(NestedProjects) = preSolution
		{108F5FA9-CABB-42B3-AB25-417320A22C4A} = {E99DB3E1-0FFB-42CF-86BB-22B6CC886651}
		{3CB12A15-41D0-4BCE-BCF9-94AFD809493E} = {56AE688E-E745-454E-B96E-A4CE538E3B6D}
		{6EEB1A69-55DE-4F0D-9A2D-C727A301A060} = {E99DB3E1-0FFB-42CF-86BB-22B6CC886651}
		{C7AEB060-AA1C-4DF0-82F2-65ACFD614F3B} = {E99DB3E1-0FFB-42CF-86BB-22B6CC886651}
		{A6B76C5C-1CC1-4029-A9ED-313290352C80} = {E99DB3E1-0FFB-42CF-86BB-22B6CC886651}
		{FC6EFC8E-7458-450B-9DAA-348DE4C5A59A} = {5414F884-97DD-4C80-B7E9-D9F0483E75D4}
		{F0DF98E1-3409-4FB1-94E2-BBBEAA41EC74} = {E99DB3E1-0FFB-42CF-86BB-22B6CC886651}
	EndGlobalSection
EndGlobal
