
Microsoft Visual Studio Solution File, Format Version 12.00
# Visual Studio 14
VisualStudioVersion = 14.0.25420.1
MinimumVisualStudioVersion = 10.0.40219.1
Project("{FAE04EC0-301F-11D3-BF4B-00C04F79EFBC}") = "NTAF.Core", "NTAF.Core\NTAF.Core.csproj", "{108F5FA9-CABB-42B3-AB25-417320A22C4A}"
EndProject
Project("{FAE04EC0-301F-11D3-BF4B-00C04F79EFBC}") = "NTUniverseBuilder", "NTUniverseBuilder\NTUniverseBuilder.csproj", "{3CB12A15-41D0-4BCE-BCF9-94AFD809493E}"
EndProject
Project("{FAE04EC0-301F-11D3-BF4B-00C04F79EFBC}") = "NTAF.Data", "NTAF.Data\NTAF.Data.csproj", "{6EEB1A69-55DE-4F0D-9A2D-C727A301A060}"
EndProject
Project("{FAE04EC0-301F-11D3-BF4B-00C04F79EFBC}") = "NTAF.PlugInFramework", "NTAF.PlugInFramework\NTAF.PlugInFramework.csproj", "{C7AEB060-AA1C-4DF0-82F2-65ACFD614F3B}"
EndProject
Project("{FAE04EC0-301F-11D3-BF4B-00C04F79EFBC}") = "NTAF.PrintEngine", "NTAF.PrintEngine\NTAF.PrintEngine.csproj", "{A6B76C5C-1CC1-4029-A9ED-313290352C80}"
EndProject
Project("{2150E333-8FDC-42A3-9474-1A3956D46DE8}") = "CoreComponents", "CoreComponents", "{E99DB3E1-0FFB-42CF-86BB-22B6CC886651}"
EndProject
Project("{2150E333-8FDC-42A3-9474-1A3956D46DE8}") = "PluginProjects", "PluginProjects", "{5414F884-97DD-4C80-B7E9-D9F0483E75D4}"
EndProject
Project("{2150E333-8FDC-42A3-9474-1A3956D46DE8}") = "TemplateStuff", "TemplateStuff", "{09F02A4E-46DE-47D7-A7BD-0A097ED4A7E6}"
EndProject
Project("{2150E333-8FDC-42A3-9474-1A3956D46DE8}") = "UniverseBuilders", "UniverseBuilders", "{56AE688E-E745-454E-B96E-A4CE538E3B6D}"
EndProject
Project("{2150E333-8FDC-42A3-9474-1A3956D46DE8}") = "CrewBuilders", "CrewBuilders", "{15C32800-1D5C-4E9B-8A76-7EBF94B70854}"
EndProject
Project("{FAE04EC0-301F-11D3-BF4B-00C04F79EFBC}") = "CoreTypes", "NTAFPlugins\CoreTypes\CoreTypes.csproj", "{FC6EFC8E-7458-450B-9DAA-348DE4C5A59A}"
EndProject
Project("{FAE04EC0-301F-11D3-BF4B-00C04F79EFBC}") = "NTAF.Controls", "NTAF.Controls\NTAF.Controls.csproj", "{F0DF98E1-3409-4FB1-94E2-BBBEAA41EC74}"
EndProject
Project("{FAE04EC0-301F-11D3-BF4B-00C04F79EFBC}") = "UniverseBuilderSingle", "UniverseBuilderSingle\UniverseBuilderSingle.csproj", "{3C6E109A-7213-405E-A038-6F0A676B8266}"
EndProject
Project("{FAE04EC0-301F-11D3-BF4B-00C04F79EFBC}") = "NTUniverseBuilder-ref", "NTUniverseBuilder-ref\NTUniverseBuilder-ref.csproj", "{EB9EF60E-216D-4E71-AE44-D5DBEC2E5199}"
EndProject
Global
	GlobalSection(SolutionConfigurationPlatforms) = preSolution
		Ad-Hoc|Any CPU = Ad-Hoc|Any CPU
		Ad-Hoc|ARM = Ad-Hoc|ARM
		Ad-Hoc|iPhone = Ad-Hoc|iPhone
		Ad-Hoc|iPhoneSimulator = Ad-Hoc|iPhoneSimulator
		Ad-Hoc|x64 = Ad-Hoc|x64
		Ad-Hoc|x86 = Ad-Hoc|x86
		AppStore|Any CPU = AppStore|Any CPU
		AppStore|ARM = AppStore|ARM
		AppStore|iPhone = AppStore|iPhone
		AppStore|iPhoneSimulator = AppStore|iPhoneSimulator
		AppStore|x64 = AppStore|x64
		AppStore|x86 = AppStore|x86
		Debug|Any CPU = Debug|Any CPU
		Debug|ARM = Debug|ARM
		Debug|iPhone = Debug|iPhone
		Debug|iPhoneSimulator = Debug|iPhoneSimulator
		Debug|x64 = Debug|x64
		Debug|x86 = Debug|x86
		Online|Any CPU = Online|Any CPU
		Online|ARM = Online|ARM
		Online|iPhone = Online|iPhone
		Online|iPhoneSimulator = Online|iPhoneSimulator
		Online|x64 = Online|x64
		Online|x86 = Online|x86
		Release|Any CPU = Release|Any CPU
		Release|ARM = Release|ARM
		Release|iPhone = Release|iPhone
		Release|iPhoneSimulator = Release|iPhoneSimulator
		Release|x64 = Release|x64
		Release|x86 = Release|x86
		TemplateBuilder|Any CPU = TemplateBuilder|Any CPU
		TemplateBuilder|ARM = TemplateBuilder|ARM
		TemplateBuilder|iPhone = TemplateBuilder|iPhone
		TemplateBuilder|iPhoneSimulator = TemplateBuilder|iPhoneSimulator
		TemplateBuilder|x64 = TemplateBuilder|x64
		TemplateBuilder|x86 = TemplateBuilder|x86
	EndGlobalSection
	GlobalSection(ProjectConfigurationPlatforms) = postSolution
		{108F5FA9-CABB-42B3-AB25-417320A22C4A}.Ad-Hoc|Any CPU.ActiveCfg = Release|Any CPU
		{108F5FA9-CABB-42B3-AB25-417320A22C4A}.Ad-Hoc|Any CPU.Build.0 = Release|Any CPU
		{108F5FA9-CABB-42B3-AB25-417320A22C4A}.Ad-Hoc|ARM.ActiveCfg = Release|Any CPU
		{108F5FA9-CABB-42B3-AB25-417320A22C4A}.Ad-Hoc|ARM.Build.0 = Release|Any CPU
		{108F5FA9-CABB-42B3-AB25-417320A22C4A}.Ad-Hoc|iPhone.ActiveCfg = Release|Any CPU
		{108F5FA9-CABB-42B3-AB25-417320A22C4A}.Ad-Hoc|iPhone.Build.0 = Release|Any CPU
		{108F5FA9-CABB-42B3-AB25-417320A22C4A}.Ad-Hoc|iPhoneSimulator.ActiveCfg = Release|Any CPU
		{108F5FA9-CABB-42B3-AB25-417320A22C4A}.Ad-Hoc|iPhoneSimulator.Build.0 = Release|Any CPU
		{108F5FA9-CABB-42B3-AB25-417320A22C4A}.Ad-Hoc|x64.ActiveCfg = Release|Any CPU
		{108F5FA9-CABB-42B3-AB25-417320A22C4A}.Ad-Hoc|x64.Build.0 = Release|Any CPU
		{108F5FA9-CABB-42B3-AB25-417320A22C4A}.Ad-Hoc|x86.ActiveCfg = Release|Any CPU
		{108F5FA9-CABB-42B3-AB25-417320A22C4A}.Ad-Hoc|x86.Build.0 = Release|Any CPU
		{108F5FA9-CABB-42B3-AB25-417320A22C4A}.AppStore|Any CPU.ActiveCfg = Release|Any CPU
		{108F5FA9-CABB-42B3-AB25-417320A22C4A}.AppStore|Any CPU.Build.0 = Release|Any CPU
		{108F5FA9-CABB-42B3-AB25-417320A22C4A}.AppStore|ARM.ActiveCfg = Release|Any CPU
		{108F5FA9-CABB-42B3-AB25-417320A22C4A}.AppStore|ARM.Build.0 = Release|Any CPU
		{108F5FA9-CABB-42B3-AB25-417320A22C4A}.AppStore|iPhone.ActiveCfg = Release|Any CPU
		{108F5FA9-CABB-42B3-AB25-417320A22C4A}.AppStore|iPhone.Build.0 = Release|Any CPU
		{108F5FA9-CABB-42B3-AB25-417320A22C4A}.AppStore|iPhoneSimulator.ActiveCfg = Release|Any CPU
		{108F5FA9-CABB-42B3-AB25-417320A22C4A}.AppStore|iPhoneSimulator.Build.0 = Release|Any CPU
		{108F5FA9-CABB-42B3-AB25-417320A22C4A}.AppStore|x64.ActiveCfg = Release|Any CPU
		{108F5FA9-CABB-42B3-AB25-417320A22C4A}.AppStore|x64.Build.0 = Release|Any CPU
		{108F5FA9-CABB-42B3-AB25-417320A22C4A}.AppStore|x86.ActiveCfg = Release|Any CPU
		{108F5FA9-CABB-42B3-AB25-417320A22C4A}.AppStore|x86.Build.0 = Release|Any CPU
		{108F5FA9-CABB-42B3-AB25-417320A22C4A}.Debug|Any CPU.ActiveCfg = Debug|Any CPU
		{108F5FA9-CABB-42B3-AB25-417320A22C4A}.Debug|Any CPU.Build.0 = Debug|Any CPU
		{108F5FA9-CABB-42B3-AB25-417320A22C4A}.Debug|ARM.ActiveCfg = Debug|Any CPU
		{108F5FA9-CABB-42B3-AB25-417320A22C4A}.Debug|ARM.Build.0 = Debug|Any CPU
		{108F5FA9-CABB-42B3-AB25-417320A22C4A}.Debug|iPhone.ActiveCfg = Debug|Any CPU
		{108F5FA9-CABB-42B3-AB25-417320A22C4A}.Debug|iPhone.Build.0 = Debug|Any CPU
		{108F5FA9-CABB-42B3-AB25-417320A22C4A}.Debug|iPhoneSimulator.ActiveCfg = Debug|Any CPU
		{108F5FA9-CABB-42B3-AB25-417320A22C4A}.Debug|iPhoneSimulator.Build.0 = Debug|Any CPU
		{108F5FA9-CABB-42B3-AB25-417320A22C4A}.Debug|x64.ActiveCfg = Debug|Any CPU
		{108F5FA9-CABB-42B3-AB25-417320A22C4A}.Debug|x64.Build.0 = Debug|Any CPU
		{108F5FA9-CABB-42B3-AB25-417320A22C4A}.Debug|x86.ActiveCfg = Debug|Any CPU
		{108F5FA9-CABB-42B3-AB25-417320A22C4A}.Debug|x86.Build.0 = Debug|Any CPU
		{108F5FA9-CABB-42B3-AB25-417320A22C4A}.Online|Any CPU.ActiveCfg = Release|Any CPU
		{108F5FA9-CABB-42B3-AB25-417320A22C4A}.Online|Any CPU.Build.0 = Release|Any CPU
		{108F5FA9-CABB-42B3-AB25-417320A22C4A}.Online|ARM.ActiveCfg = Release|Any CPU
		{108F5FA9-CABB-42B3-AB25-417320A22C4A}.Online|ARM.Build.0 = Release|Any CPU
		{108F5FA9-CABB-42B3-AB25-417320A22C4A}.Online|iPhone.ActiveCfg = Release|Any CPU
		{108F5FA9-CABB-42B3-AB25-417320A22C4A}.Online|iPhone.Build.0 = Release|Any CPU
		{108F5FA9-CABB-42B3-AB25-417320A22C4A}.Online|iPhoneSimulator.ActiveCfg = Release|Any CPU
		{108F5FA9-CABB-42B3-AB25-417320A22C4A}.Online|iPhoneSimulator.Build.0 = Release|Any CPU
		{108F5FA9-CABB-42B3-AB25-417320A22C4A}.Online|x64.ActiveCfg = Release|Any CPU
		{108F5FA9-CABB-42B3-AB25-417320A22C4A}.Online|x64.Build.0 = Release|Any CPU
		{108F5FA9-CABB-42B3-AB25-417320A22C4A}.Online|x86.ActiveCfg = Release|Any CPU
		{108F5FA9-CABB-42B3-AB25-417320A22C4A}.Online|x86.Build.0 = Release|Any CPU
		{108F5FA9-CABB-42B3-AB25-417320A22C4A}.Release|Any CPU.ActiveCfg = Release|Any CPU
		{108F5FA9-CABB-42B3-AB25-417320A22C4A}.Release|Any CPU.Build.0 = Release|Any CPU
		{108F5FA9-CABB-42B3-AB25-417320A22C4A}.Release|ARM.ActiveCfg = Release|Any CPU
		{108F5FA9-CABB-42B3-AB25-417320A22C4A}.Release|ARM.Build.0 = Release|Any CPU
		{108F5FA9-CABB-42B3-AB25-417320A22C4A}.Release|iPhone.ActiveCfg = Release|Any CPU
		{108F5FA9-CABB-42B3-AB25-417320A22C4A}.Release|iPhone.Build.0 = Release|Any CPU
		{108F5FA9-CABB-42B3-AB25-417320A22C4A}.Release|iPhoneSimulator.ActiveCfg = Release|Any CPU
		{108F5FA9-CABB-42B3-AB25-417320A22C4A}.Release|iPhoneSimulator.Build.0 = Release|Any CPU
		{108F5FA9-CABB-42B3-AB25-417320A22C4A}.Release|x64.ActiveCfg = Release|Any CPU
		{108F5FA9-CABB-42B3-AB25-417320A22C4A}.Release|x64.Build.0 = Release|Any CPU
		{108F5FA9-CABB-42B3-AB25-417320A22C4A}.Release|x86.ActiveCfg = Release|Any CPU
		{108F5FA9-CABB-42B3-AB25-417320A22C4A}.Release|x86.Build.0 = Release|Any CPU
		{108F5FA9-CABB-42B3-AB25-417320A22C4A}.TemplateBuilder|Any CPU.ActiveCfg = Release|Any CPU
		{108F5FA9-CABB-42B3-AB25-417320A22C4A}.TemplateBuilder|Any CPU.Build.0 = Release|Any CPU
		{108F5FA9-CABB-42B3-AB25-417320A22C4A}.TemplateBuilder|ARM.ActiveCfg = Release|Any CPU
		{108F5FA9-CABB-42B3-AB25-417320A22C4A}.TemplateBuilder|ARM.Build.0 = Release|Any CPU
		{108F5FA9-CABB-42B3-AB25-417320A22C4A}.TemplateBuilder|iPhone.ActiveCfg = Release|Any CPU
		{108F5FA9-CABB-42B3-AB25-417320A22C4A}.TemplateBuilder|iPhone.Build.0 = Release|Any CPU
		{108F5FA9-CABB-42B3-AB25-417320A22C4A}.TemplateBuilder|iPhoneSimulator.ActiveCfg = Release|Any CPU
		{108F5FA9-CABB-42B3-AB25-417320A22C4A}.TemplateBuilder|iPhoneSimulator.Build.0 = Release|Any CPU
		{108F5FA9-CABB-42B3-AB25-417320A22C4A}.TemplateBuilder|x64.ActiveCfg = Release|Any CPU
		{108F5FA9-CABB-42B3-AB25-417320A22C4A}.TemplateBuilder|x64.Build.0 = Release|Any CPU
		{108F5FA9-CABB-42B3-AB25-417320A22C4A}.TemplateBuilder|x86.ActiveCfg = Release|Any CPU
		{108F5FA9-CABB-42B3-AB25-417320A22C4A}.TemplateBuilder|x86.Build.0 = Release|Any CPU
		{3CB12A15-41D0-4BCE-BCF9-94AFD809493E}.Ad-Hoc|Any CPU.ActiveCfg = Release|Any CPU
		{3CB12A15-41D0-4BCE-BCF9-94AFD809493E}.Ad-Hoc|Any CPU.Build.0 = Release|Any CPU
		{3CB12A15-41D0-4BCE-BCF9-94AFD809493E}.Ad-Hoc|ARM.ActiveCfg = Release|Any CPU
		{3CB12A15-41D0-4BCE-BCF9-94AFD809493E}.Ad-Hoc|ARM.Build.0 = Release|Any CPU
		{3CB12A15-41D0-4BCE-BCF9-94AFD809493E}.Ad-Hoc|iPhone.ActiveCfg = Release|Any CPU
		{3CB12A15-41D0-4BCE-BCF9-94AFD809493E}.Ad-Hoc|iPhone.Build.0 = Release|Any CPU
		{3CB12A15-41D0-4BCE-BCF9-94AFD809493E}.Ad-Hoc|iPhoneSimulator.ActiveCfg = Release|Any CPU
		{3CB12A15-41D0-4BCE-BCF9-94AFD809493E}.Ad-Hoc|iPhoneSimulator.Build.0 = Release|Any CPU
		{3CB12A15-41D0-4BCE-BCF9-94AFD809493E}.Ad-Hoc|x64.ActiveCfg = Release|Any CPU
		{3CB12A15-41D0-4BCE-BCF9-94AFD809493E}.Ad-Hoc|x64.Build.0 = Release|Any CPU
		{3CB12A15-41D0-4BCE-BCF9-94AFD809493E}.Ad-Hoc|x86.ActiveCfg = Release|Any CPU
		{3CB12A15-41D0-4BCE-BCF9-94AFD809493E}.Ad-Hoc|x86.Build.0 = Release|Any CPU
		{3CB12A15-41D0-4BCE-BCF9-94AFD809493E}.AppStore|Any CPU.ActiveCfg = Release|Any CPU
		{3CB12A15-41D0-4BCE-BCF9-94AFD809493E}.AppStore|Any CPU.Build.0 = Release|Any CPU
		{3CB12A15-41D0-4BCE-BCF9-94AFD809493E}.AppStore|ARM.ActiveCfg = Release|Any CPU
		{3CB12A15-41D0-4BCE-BCF9-94AFD809493E}.AppStore|ARM.Build.0 = Release|Any CPU
		{3CB12A15-41D0-4BCE-BCF9-94AFD809493E}.AppStore|iPhone.ActiveCfg = Release|Any CPU
		{3CB12A15-41D0-4BCE-BCF9-94AFD809493E}.AppStore|iPhone.Build.0 = Release|Any CPU
		{3CB12A15-41D0-4BCE-BCF9-94AFD809493E}.AppStore|iPhoneSimulator.ActiveCfg = Release|Any CPU
		{3CB12A15-41D0-4BCE-BCF9-94AFD809493E}.AppStore|iPhoneSimulator.Build.0 = Release|Any CPU
		{3CB12A15-41D0-4BCE-BCF9-94AFD809493E}.AppStore|x64.ActiveCfg = Release|Any CPU
		{3CB12A15-41D0-4BCE-BCF9-94AFD809493E}.AppStore|x64.Build.0 = Release|Any CPU
		{3CB12A15-41D0-4BCE-BCF9-94AFD809493E}.AppStore|x86.ActiveCfg = Release|Any CPU
		{3CB12A15-41D0-4BCE-BCF9-94AFD809493E}.AppStore|x86.Build.0 = Release|Any CPU
		{3CB12A15-41D0-4BCE-BCF9-94AFD809493E}.Debug|Any CPU.ActiveCfg = Debug|Any CPU
		{3CB12A15-41D0-4BCE-BCF9-94AFD809493E}.Debug|ARM.ActiveCfg = Debug|Any CPU
		{3CB12A15-41D0-4BCE-BCF9-94AFD809493E}.Debug|ARM.Build.0 = Debug|Any CPU
		{3CB12A15-41D0-4BCE-BCF9-94AFD809493E}.Debug|iPhone.ActiveCfg = Debug|Any CPU
		{3CB12A15-41D0-4BCE-BCF9-94AFD809493E}.Debug|iPhone.Build.0 = Debug|Any CPU
		{3CB12A15-41D0-4BCE-BCF9-94AFD809493E}.Debug|iPhoneSimulator.ActiveCfg = Debug|Any CPU
		{3CB12A15-41D0-4BCE-BCF9-94AFD809493E}.Debug|iPhoneSimulator.Build.0 = Debug|Any CPU
		{3CB12A15-41D0-4BCE-BCF9-94AFD809493E}.Debug|x64.ActiveCfg = Debug|Any CPU
		{3CB12A15-41D0-4BCE-BCF9-94AFD809493E}.Debug|x64.Build.0 = Debug|Any CPU
		{3CB12A15-41D0-4BCE-BCF9-94AFD809493E}.Debug|x86.ActiveCfg = Debug|Any CPU
		{3CB12A15-41D0-4BCE-BCF9-94AFD809493E}.Debug|x86.Build.0 = Debug|Any CPU
		{3CB12A15-41D0-4BCE-BCF9-94AFD809493E}.Online|Any CPU.ActiveCfg = Release|Any CPU
		{3CB12A15-41D0-4BCE-BCF9-94AFD809493E}.Online|Any CPU.Build.0 = Release|Any CPU
		{3CB12A15-41D0-4BCE-BCF9-94AFD809493E}.Online|ARM.ActiveCfg = Release|Any CPU
		{3CB12A15-41D0-4BCE-BCF9-94AFD809493E}.Online|ARM.Build.0 = Release|Any CPU
		{3CB12A15-41D0-4BCE-BCF9-94AFD809493E}.Online|iPhone.ActiveCfg = Release|Any CPU
		{3CB12A15-41D0-4BCE-BCF9-94AFD809493E}.Online|iPhone.Build.0 = Release|Any CPU
		{3CB12A15-41D0-4BCE-BCF9-94AFD809493E}.Online|iPhoneSimulator.ActiveCfg = Release|Any CPU
		{3CB12A15-41D0-4BCE-BCF9-94AFD809493E}.Online|iPhoneSimulator.Build.0 = Release|Any CPU
		{3CB12A15-41D0-4BCE-BCF9-94AFD809493E}.Online|x64.ActiveCfg = Release|Any CPU
		{3CB12A15-41D0-4BCE-BCF9-94AFD809493E}.Online|x64.Build.0 = Release|Any CPU
		{3CB12A15-41D0-4BCE-BCF9-94AFD809493E}.Online|x86.ActiveCfg = Release|Any CPU
		{3CB12A15-41D0-4BCE-BCF9-94AFD809493E}.Online|x86.Build.0 = Release|Any CPU
		{3CB12A15-41D0-4BCE-BCF9-94AFD809493E}.Release|Any CPU.ActiveCfg = Release|Any CPU
		{3CB12A15-41D0-4BCE-BCF9-94AFD809493E}.Release|Any CPU.Build.0 = Release|Any CPU
		{3CB12A15-41D0-4BCE-BCF9-94AFD809493E}.Release|ARM.ActiveCfg = Release|Any CPU
		{3CB12A15-41D0-4BCE-BCF9-94AFD809493E}.Release|ARM.Build.0 = Release|Any CPU
		{3CB12A15-41D0-4BCE-BCF9-94AFD809493E}.Release|iPhone.ActiveCfg = Release|Any CPU
		{3CB12A15-41D0-4BCE-BCF9-94AFD809493E}.Release|iPhone.Build.0 = Release|Any CPU
		{3CB12A15-41D0-4BCE-BCF9-94AFD809493E}.Release|iPhoneSimulator.ActiveCfg = Release|Any CPU
		{3CB12A15-41D0-4BCE-BCF9-94AFD809493E}.Release|iPhoneSimulator.Build.0 = Release|Any CPU
		{3CB12A15-41D0-4BCE-BCF9-94AFD809493E}.Release|x64.ActiveCfg = Release|Any CPU
		{3CB12A15-41D0-4BCE-BCF9-94AFD809493E}.Release|x64.Build.0 = Release|Any CPU
		{3CB12A15-41D0-4BCE-BCF9-94AFD809493E}.Release|x86.ActiveCfg = Release|Any CPU
		{3CB12A15-41D0-4BCE-BCF9-94AFD809493E}.Release|x86.Build.0 = Release|Any CPU
		{3CB12A15-41D0-4BCE-BCF9-94AFD809493E}.TemplateBuilder|Any CPU.ActiveCfg = Release|Any CPU
		{3CB12A15-41D0-4BCE-BCF9-94AFD809493E}.TemplateBuilder|Any CPU.Build.0 = Release|Any CPU
		{3CB12A15-41D0-4BCE-BCF9-94AFD809493E}.TemplateBuilder|ARM.ActiveCfg = Release|Any CPU
		{3CB12A15-41D0-4BCE-BCF9-94AFD809493E}.TemplateBuilder|ARM.Build.0 = Release|Any CPU
		{3CB12A15-41D0-4BCE-BCF9-94AFD809493E}.TemplateBuilder|iPhone.ActiveCfg = Release|Any CPU
		{3CB12A15-41D0-4BCE-BCF9-94AFD809493E}.TemplateBuilder|iPhone.Build.0 = Release|Any CPU
		{3CB12A15-41D0-4BCE-BCF9-94AFD809493E}.TemplateBuilder|iPhoneSimulator.ActiveCfg = Release|Any CPU
		{3CB12A15-41D0-4BCE-BCF9-94AFD809493E}.TemplateBuilder|iPhoneSimulator.Build.0 = Release|Any CPU
		{3CB12A15-41D0-4BCE-BCF9-94AFD809493E}.TemplateBuilder|x64.ActiveCfg = Release|Any CPU
		{3CB12A15-41D0-4BCE-BCF9-94AFD809493E}.TemplateBuilder|x64.Build.0 = Release|Any CPU
		{3CB12A15-41D0-4BCE-BCF9-94AFD809493E}.TemplateBuilder|x86.ActiveCfg = Release|Any CPU
		{3CB12A15-41D0-4BCE-BCF9-94AFD809493E}.TemplateBuilder|x86.Build.0 = Release|Any CPU
		{6EEB1A69-55DE-4F0D-9A2D-C727A301A060}.Ad-Hoc|Any CPU.ActiveCfg = Release|Any CPU
		{6EEB1A69-55DE-4F0D-9A2D-C727A301A060}.Ad-Hoc|Any CPU.Build.0 = Release|Any CPU
		{6EEB1A69-55DE-4F0D-9A2D-C727A301A060}.Ad-Hoc|ARM.ActiveCfg = Release|Any CPU
		{6EEB1A69-55DE-4F0D-9A2D-C727A301A060}.Ad-Hoc|ARM.Build.0 = Release|Any CPU
		{6EEB1A69-55DE-4F0D-9A2D-C727A301A060}.Ad-Hoc|iPhone.ActiveCfg = Release|Any CPU
		{6EEB1A69-55DE-4F0D-9A2D-C727A301A060}.Ad-Hoc|iPhone.Build.0 = Release|Any CPU
		{6EEB1A69-55DE-4F0D-9A2D-C727A301A060}.Ad-Hoc|iPhoneSimulator.ActiveCfg = Release|Any CPU
		{6EEB1A69-55DE-4F0D-9A2D-C727A301A060}.Ad-Hoc|iPhoneSimulator.Build.0 = Release|Any CPU
		{6EEB1A69-55DE-4F0D-9A2D-C727A301A060}.Ad-Hoc|x64.ActiveCfg = Release|Any CPU
		{6EEB1A69-55DE-4F0D-9A2D-C727A301A060}.Ad-Hoc|x64.Build.0 = Release|Any CPU
		{6EEB1A69-55DE-4F0D-9A2D-C727A301A060}.Ad-Hoc|x86.ActiveCfg = Release|Any CPU
		{6EEB1A69-55DE-4F0D-9A2D-C727A301A060}.Ad-Hoc|x86.Build.0 = Release|Any CPU
		{6EEB1A69-55DE-4F0D-9A2D-C727A301A060}.AppStore|Any CPU.ActiveCfg = Release|Any CPU
		{6EEB1A69-55DE-4F0D-9A2D-C727A301A060}.AppStore|Any CPU.Build.0 = Release|Any CPU
		{6EEB1A69-55DE-4F0D-9A2D-C727A301A060}.AppStore|ARM.ActiveCfg = Release|Any CPU
		{6EEB1A69-55DE-4F0D-9A2D-C727A301A060}.AppStore|ARM.Build.0 = Release|Any CPU
		{6EEB1A69-55DE-4F0D-9A2D-C727A301A060}.AppStore|iPhone.ActiveCfg = Release|Any CPU
		{6EEB1A69-55DE-4F0D-9A2D-C727A301A060}.AppStore|iPhone.Build.0 = Release|Any CPU
		{6EEB1A69-55DE-4F0D-9A2D-C727A301A060}.AppStore|iPhoneSimulator.ActiveCfg = Release|Any CPU
		{6EEB1A69-55DE-4F0D-9A2D-C727A301A060}.AppStore|iPhoneSimulator.Build.0 = Release|Any CPU
		{6EEB1A69-55DE-4F0D-9A2D-C727A301A060}.AppStore|x64.ActiveCfg = Release|Any CPU
		{6EEB1A69-55DE-4F0D-9A2D-C727A301A060}.AppStore|x64.Build.0 = Release|Any CPU
		{6EEB1A69-55DE-4F0D-9A2D-C727A301A060}.AppStore|x86.ActiveCfg = Release|Any CPU
		{6EEB1A69-55DE-4F0D-9A2D-C727A301A060}.AppStore|x86.Build.0 = Release|Any CPU
		{6EEB1A69-55DE-4F0D-9A2D-C727A301A060}.Debug|Any CPU.ActiveCfg = Debug|Any CPU
		{6EEB1A69-55DE-4F0D-9A2D-C727A301A060}.Debug|Any CPU.Build.0 = Debug|Any CPU
		{6EEB1A69-55DE-4F0D-9A2D-C727A301A060}.Debug|ARM.ActiveCfg = Debug|Any CPU
		{6EEB1A69-55DE-4F0D-9A2D-C727A301A060}.Debug|ARM.Build.0 = Debug|Any CPU
		{6EEB1A69-55DE-4F0D-9A2D-C727A301A060}.Debug|iPhone.ActiveCfg = Debug|Any CPU
		{6EEB1A69-55DE-4F0D-9A2D-C727A301A060}.Debug|iPhone.Build.0 = Debug|Any CPU
		{6EEB1A69-55DE-4F0D-9A2D-C727A301A060}.Debug|iPhoneSimulator.ActiveCfg = Debug|Any CPU
		{6EEB1A69-55DE-4F0D-9A2D-C727A301A060}.Debug|iPhoneSimulator.Build.0 = Debug|Any CPU
		{6EEB1A69-55DE-4F0D-9A2D-C727A301A060}.Debug|x64.ActiveCfg = Debug|Any CPU
		{6EEB1A69-55DE-4F0D-9A2D-C727A301A060}.Debug|x64.Build.0 = Debug|Any CPU
		{6EEB1A69-55DE-4F0D-9A2D-C727A301A060}.Debug|x86.ActiveCfg = Debug|Any CPU
		{6EEB1A69-55DE-4F0D-9A2D-C727A301A060}.Debug|x86.Build.0 = Debug|Any CPU
		{6EEB1A69-55DE-4F0D-9A2D-C727A301A060}.Online|Any CPU.ActiveCfg = Release|Any CPU
		{6EEB1A69-55DE-4F0D-9A2D-C727A301A060}.Online|Any CPU.Build.0 = Release|Any CPU
		{6EEB1A69-55DE-4F0D-9A2D-C727A301A060}.Online|ARM.ActiveCfg = Release|Any CPU
		{6EEB1A69-55DE-4F0D-9A2D-C727A301A060}.Online|ARM.Build.0 = Release|Any CPU
		{6EEB1A69-55DE-4F0D-9A2D-C727A301A060}.Online|iPhone.ActiveCfg = Release|Any CPU
		{6EEB1A69-55DE-4F0D-9A2D-C727A301A060}.Online|iPhone.Build.0 = Release|Any CPU
		{6EEB1A69-55DE-4F0D-9A2D-C727A301A060}.Online|iPhoneSimulator.ActiveCfg = Release|Any CPU
		{6EEB1A69-55DE-4F0D-9A2D-C727A301A060}.Online|iPhoneSimulator.Build.0 = Release|Any CPU
		{6EEB1A69-55DE-4F0D-9A2D-C727A301A060}.Online|x64.ActiveCfg = Release|Any CPU
		{6EEB1A69-55DE-4F0D-9A2D-C727A301A060}.Online|x64.Build.0 = Release|Any CPU
		{6EEB1A69-55DE-4F0D-9A2D-C727A301A060}.Online|x86.ActiveCfg = Release|Any CPU
		{6EEB1A69-55DE-4F0D-9A2D-C727A301A060}.Online|x86.Build.0 = Release|Any CPU
		{6EEB1A69-55DE-4F0D-9A2D-C727A301A060}.Release|Any CPU.ActiveCfg = Release|Any CPU
		{6EEB1A69-55DE-4F0D-9A2D-C727A301A060}.Release|Any CPU.Build.0 = Release|Any CPU
		{6EEB1A69-55DE-4F0D-9A2D-C727A301A060}.Release|ARM.ActiveCfg = Release|Any CPU
		{6EEB1A69-55DE-4F0D-9A2D-C727A301A060}.Release|ARM.Build.0 = Release|Any CPU
		{6EEB1A69-55DE-4F0D-9A2D-C727A301A060}.Release|iPhone.ActiveCfg = Release|Any CPU
		{6EEB1A69-55DE-4F0D-9A2D-C727A301A060}.Release|iPhone.Build.0 = Release|Any CPU
		{6EEB1A69-55DE-4F0D-9A2D-C727A301A060}.Release|iPhoneSimulator.ActiveCfg = Release|Any CPU
		{6EEB1A69-55DE-4F0D-9A2D-C727A301A060}.Release|iPhoneSimulator.Build.0 = Release|Any CPU
		{6EEB1A69-55DE-4F0D-9A2D-C727A301A060}.Release|x64.ActiveCfg = Release|Any CPU
		{6EEB1A69-55DE-4F0D-9A2D-C727A301A060}.Release|x64.Build.0 = Release|Any CPU
		{6EEB1A69-55DE-4F0D-9A2D-C727A301A060}.Release|x86.ActiveCfg = Release|Any CPU
		{6EEB1A69-55DE-4F0D-9A2D-C727A301A060}.Release|x86.Build.0 = Release|Any CPU
		{6EEB1A69-55DE-4F0D-9A2D-C727A301A060}.TemplateBuilder|Any CPU.ActiveCfg = Release|Any CPU
		{6EEB1A69-55DE-4F0D-9A2D-C727A301A060}.TemplateBuilder|Any CPU.Build.0 = Release|Any CPU
		{6EEB1A69-55DE-4F0D-9A2D-C727A301A060}.TemplateBuilder|ARM.ActiveCfg = Release|Any CPU
		{6EEB1A69-55DE-4F0D-9A2D-C727A301A060}.TemplateBuilder|ARM.Build.0 = Release|Any CPU
		{6EEB1A69-55DE-4F0D-9A2D-C727A301A060}.TemplateBuilder|iPhone.ActiveCfg = Release|Any CPU
		{6EEB1A69-55DE-4F0D-9A2D-C727A301A060}.TemplateBuilder|iPhone.Build.0 = Release|Any CPU
		{6EEB1A69-55DE-4F0D-9A2D-C727A301A060}.TemplateBuilder|iPhoneSimulator.ActiveCfg = Release|Any CPU
		{6EEB1A69-55DE-4F0D-9A2D-C727A301A060}.TemplateBuilder|iPhoneSimulator.Build.0 = Release|Any CPU
		{6EEB1A69-55DE-4F0D-9A2D-C727A301A060}.TemplateBuilder|x64.ActiveCfg = Release|Any CPU
		{6EEB1A69-55DE-4F0D-9A2D-C727A301A060}.TemplateBuilder|x64.Build.0 = Release|Any CPU
		{6EEB1A69-55DE-4F0D-9A2D-C727A301A060}.TemplateBuilder|x86.ActiveCfg = Release|Any CPU
		{6EEB1A69-55DE-4F0D-9A2D-C727A301A060}.TemplateBuilder|x86.Build.0 = Release|Any CPU
		{C7AEB060-AA1C-4DF0-82F2-65ACFD614F3B}.Ad-Hoc|Any CPU.ActiveCfg = TemplateBuilder|Any CPU
		{C7AEB060-AA1C-4DF0-82F2-65ACFD614F3B}.Ad-Hoc|Any CPU.Build.0 = TemplateBuilder|Any CPU
		{C7AEB060-AA1C-4DF0-82F2-65ACFD614F3B}.Ad-Hoc|ARM.ActiveCfg = TemplateBuilder|Any CPU
		{C7AEB060-AA1C-4DF0-82F2-65ACFD614F3B}.Ad-Hoc|ARM.Build.0 = TemplateBuilder|Any CPU
		{C7AEB060-AA1C-4DF0-82F2-65ACFD614F3B}.Ad-Hoc|iPhone.ActiveCfg = TemplateBuilder|Any CPU
		{C7AEB060-AA1C-4DF0-82F2-65ACFD614F3B}.Ad-Hoc|iPhone.Build.0 = TemplateBuilder|Any CPU
		{C7AEB060-AA1C-4DF0-82F2-65ACFD614F3B}.Ad-Hoc|iPhoneSimulator.ActiveCfg = TemplateBuilder|Any CPU
		{C7AEB060-AA1C-4DF0-82F2-65ACFD614F3B}.Ad-Hoc|iPhoneSimulator.Build.0 = TemplateBuilder|Any CPU
		{C7AEB060-AA1C-4DF0-82F2-65ACFD614F3B}.Ad-Hoc|x64.ActiveCfg = TemplateBuilder|x64
		{C7AEB060-AA1C-4DF0-82F2-65ACFD614F3B}.Ad-Hoc|x64.Build.0 = TemplateBuilder|x64
		{C7AEB060-AA1C-4DF0-82F2-65ACFD614F3B}.Ad-Hoc|x86.ActiveCfg = TemplateBuilder|x86
		{C7AEB060-AA1C-4DF0-82F2-65ACFD614F3B}.Ad-Hoc|x86.Build.0 = TemplateBuilder|x86
		{C7AEB060-AA1C-4DF0-82F2-65ACFD614F3B}.AppStore|Any CPU.ActiveCfg = TemplateBuilder|Any CPU
		{C7AEB060-AA1C-4DF0-82F2-65ACFD614F3B}.AppStore|Any CPU.Build.0 = TemplateBuilder|Any CPU
		{C7AEB060-AA1C-4DF0-82F2-65ACFD614F3B}.AppStore|ARM.ActiveCfg = TemplateBuilder|Any CPU
		{C7AEB060-AA1C-4DF0-82F2-65ACFD614F3B}.AppStore|ARM.Build.0 = TemplateBuilder|Any CPU
		{C7AEB060-AA1C-4DF0-82F2-65ACFD614F3B}.AppStore|iPhone.ActiveCfg = TemplateBuilder|Any CPU
		{C7AEB060-AA1C-4DF0-82F2-65ACFD614F3B}.AppStore|iPhone.Build.0 = TemplateBuilder|Any CPU
		{C7AEB060-AA1C-4DF0-82F2-65ACFD614F3B}.AppStore|iPhoneSimulator.ActiveCfg = TemplateBuilder|Any CPU
		{C7AEB060-AA1C-4DF0-82F2-65ACFD614F3B}.AppStore|iPhoneSimulator.Build.0 = TemplateBuilder|Any CPU
		{C7AEB060-AA1C-4DF0-82F2-65ACFD614F3B}.AppStore|x64.ActiveCfg = TemplateBuilder|x64
		{C7AEB060-AA1C-4DF0-82F2-65ACFD614F3B}.AppStore|x64.Build.0 = TemplateBuilder|x64
		{C7AEB060-AA1C-4DF0-82F2-65ACFD614F3B}.AppStore|x86.ActiveCfg = TemplateBuilder|x86
		{C7AEB060-AA1C-4DF0-82F2-65ACFD614F3B}.AppStore|x86.Build.0 = TemplateBuilder|x86
		{C7AEB060-AA1C-4DF0-82F2-65ACFD614F3B}.Debug|Any CPU.ActiveCfg = Debug|Any CPU
		{C7AEB060-AA1C-4DF0-82F2-65ACFD614F3B}.Debug|Any CPU.Build.0 = Debug|Any CPU
		{C7AEB060-AA1C-4DF0-82F2-65ACFD614F3B}.Debug|ARM.ActiveCfg = Debug|Any CPU
		{C7AEB060-AA1C-4DF0-82F2-65ACFD614F3B}.Debug|ARM.Build.0 = Debug|Any CPU
		{C7AEB060-AA1C-4DF0-82F2-65ACFD614F3B}.Debug|iPhone.ActiveCfg = Debug|Any CPU
		{C7AEB060-AA1C-4DF0-82F2-65ACFD614F3B}.Debug|iPhone.Build.0 = Debug|Any CPU
		{C7AEB060-AA1C-4DF0-82F2-65ACFD614F3B}.Debug|iPhoneSimulator.ActiveCfg = Debug|Any CPU
		{C7AEB060-AA1C-4DF0-82F2-65ACFD614F3B}.Debug|iPhoneSimulator.Build.0 = Debug|Any CPU
		{C7AEB060-AA1C-4DF0-82F2-65ACFD614F3B}.Debug|x64.ActiveCfg = Debug|x64
		{C7AEB060-AA1C-4DF0-82F2-65ACFD614F3B}.Debug|x64.Build.0 = Debug|x64
		{C7AEB060-AA1C-4DF0-82F2-65ACFD614F3B}.Debug|x86.ActiveCfg = Debug|x86
		{C7AEB060-AA1C-4DF0-82F2-65ACFD614F3B}.Debug|x86.Build.0 = Debug|x86
		{C7AEB060-AA1C-4DF0-82F2-65ACFD614F3B}.Online|Any CPU.ActiveCfg = Online|Any CPU
		{C7AEB060-AA1C-4DF0-82F2-65ACFD614F3B}.Online|Any CPU.Build.0 = Online|Any CPU
		{C7AEB060-AA1C-4DF0-82F2-65ACFD614F3B}.Online|ARM.ActiveCfg = Online|Any CPU
		{C7AEB060-AA1C-4DF0-82F2-65ACFD614F3B}.Online|ARM.Build.0 = Online|Any CPU
		{C7AEB060-AA1C-4DF0-82F2-65ACFD614F3B}.Online|iPhone.ActiveCfg = Online|Any CPU
		{C7AEB060-AA1C-4DF0-82F2-65ACFD614F3B}.Online|iPhone.Build.0 = Online|Any CPU
		{C7AEB060-AA1C-4DF0-82F2-65ACFD614F3B}.Online|iPhoneSimulator.ActiveCfg = Online|Any CPU
		{C7AEB060-AA1C-4DF0-82F2-65ACFD614F3B}.Online|iPhoneSimulator.Build.0 = Online|Any CPU
		{C7AEB060-AA1C-4DF0-82F2-65ACFD614F3B}.Online|x64.ActiveCfg = Online|x64
		{C7AEB060-AA1C-4DF0-82F2-65ACFD614F3B}.Online|x64.Build.0 = Online|x64
		{C7AEB060-AA1C-4DF0-82F2-65ACFD614F3B}.Online|x86.ActiveCfg = Online|x86
		{C7AEB060-AA1C-4DF0-82F2-65ACFD614F3B}.Online|x86.Build.0 = Online|x86
		{C7AEB060-AA1C-4DF0-82F2-65ACFD614F3B}.Release|Any CPU.ActiveCfg = Release|Any CPU
		{C7AEB060-AA1C-4DF0-82F2-65ACFD614F3B}.Release|Any CPU.Build.0 = Release|Any CPU
		{C7AEB060-AA1C-4DF0-82F2-65ACFD614F3B}.Release|ARM.ActiveCfg = Release|Any CPU
		{C7AEB060-AA1C-4DF0-82F2-65ACFD614F3B}.Release|ARM.Build.0 = Release|Any CPU
		{C7AEB060-AA1C-4DF0-82F2-65ACFD614F3B}.Release|iPhone.ActiveCfg = Release|Any CPU
		{C7AEB060-AA1C-4DF0-82F2-65ACFD614F3B}.Release|iPhone.Build.0 = Release|Any CPU
		{C7AEB060-AA1C-4DF0-82F2-65ACFD614F3B}.Release|iPhoneSimulator.ActiveCfg = Release|Any CPU
		{C7AEB060-AA1C-4DF0-82F2-65ACFD614F3B}.Release|iPhoneSimulator.Build.0 = Release|Any CPU
		{C7AEB060-AA1C-4DF0-82F2-65ACFD614F3B}.Release|x64.ActiveCfg = Release|x64
		{C7AEB060-AA1C-4DF0-82F2-65ACFD614F3B}.Release|x64.Build.0 = Release|x64
		{C7AEB060-AA1C-4DF0-82F2-65ACFD614F3B}.Release|x86.ActiveCfg = Release|x86
		{C7AEB060-AA1C-4DF0-82F2-65ACFD614F3B}.Release|x86.Build.0 = Release|x86
		{C7AEB060-AA1C-4DF0-82F2-65ACFD614F3B}.TemplateBuilder|Any CPU.ActiveCfg = TemplateBuilder|Any CPU
		{C7AEB060-AA1C-4DF0-82F2-65ACFD614F3B}.TemplateBuilder|Any CPU.Build.0 = TemplateBuilder|Any CPU
		{C7AEB060-AA1C-4DF0-82F2-65ACFD614F3B}.TemplateBuilder|ARM.ActiveCfg = TemplateBuilder|Any CPU
		{C7AEB060-AA1C-4DF0-82F2-65ACFD614F3B}.TemplateBuilder|ARM.Build.0 = TemplateBuilder|Any CPU
		{C7AEB060-AA1C-4DF0-82F2-65ACFD614F3B}.TemplateBuilder|iPhone.ActiveCfg = TemplateBuilder|Any CPU
		{C7AEB060-AA1C-4DF0-82F2-65ACFD614F3B}.TemplateBuilder|iPhone.Build.0 = TemplateBuilder|Any CPU
		{C7AEB060-AA1C-4DF0-82F2-65ACFD614F3B}.TemplateBuilder|iPhoneSimulator.ActiveCfg = TemplateBuilder|Any CPU
		{C7AEB060-AA1C-4DF0-82F2-65ACFD614F3B}.TemplateBuilder|iPhoneSimulator.Build.0 = TemplateBuilder|Any CPU
		{C7AEB060-AA1C-4DF0-82F2-65ACFD614F3B}.TemplateBuilder|x64.ActiveCfg = TemplateBuilder|x64
		{C7AEB060-AA1C-4DF0-82F2-65ACFD614F3B}.TemplateBuilder|x64.Build.0 = TemplateBuilder|x64
		{C7AEB060-AA1C-4DF0-82F2-65ACFD614F3B}.TemplateBuilder|x86.ActiveCfg = TemplateBuilder|x86
		{C7AEB060-AA1C-4DF0-82F2-65ACFD614F3B}.TemplateBuilder|x86.Build.0 = TemplateBuilder|x86
		{A6B76C5C-1CC1-4029-A9ED-313290352C80}.Ad-Hoc|Any CPU.ActiveCfg = TemplateBuilder|Any CPU
		{A6B76C5C-1CC1-4029-A9ED-313290352C80}.Ad-Hoc|Any CPU.Build.0 = TemplateBuilder|Any CPU
		{A6B76C5C-1CC1-4029-A9ED-313290352C80}.Ad-Hoc|ARM.ActiveCfg = TemplateBuilder|Any CPU
		{A6B76C5C-1CC1-4029-A9ED-313290352C80}.Ad-Hoc|ARM.Build.0 = TemplateBuilder|Any CPU
		{A6B76C5C-1CC1-4029-A9ED-313290352C80}.Ad-Hoc|iPhone.ActiveCfg = TemplateBuilder|Any CPU
		{A6B76C5C-1CC1-4029-A9ED-313290352C80}.Ad-Hoc|iPhone.Build.0 = TemplateBuilder|Any CPU
		{A6B76C5C-1CC1-4029-A9ED-313290352C80}.Ad-Hoc|iPhoneSimulator.ActiveCfg = TemplateBuilder|Any CPU
		{A6B76C5C-1CC1-4029-A9ED-313290352C80}.Ad-Hoc|iPhoneSimulator.Build.0 = TemplateBuilder|Any CPU
		{A6B76C5C-1CC1-4029-A9ED-313290352C80}.Ad-Hoc|x64.ActiveCfg = TemplateBuilder|x64
		{A6B76C5C-1CC1-4029-A9ED-313290352C80}.Ad-Hoc|x64.Build.0 = TemplateBuilder|x64
		{A6B76C5C-1CC1-4029-A9ED-313290352C80}.Ad-Hoc|x86.ActiveCfg = TemplateBuilder|x86
		{A6B76C5C-1CC1-4029-A9ED-313290352C80}.Ad-Hoc|x86.Build.0 = TemplateBuilder|x86
		{A6B76C5C-1CC1-4029-A9ED-313290352C80}.AppStore|Any CPU.ActiveCfg = TemplateBuilder|Any CPU
		{A6B76C5C-1CC1-4029-A9ED-313290352C80}.AppStore|Any CPU.Build.0 = TemplateBuilder|Any CPU
		{A6B76C5C-1CC1-4029-A9ED-313290352C80}.AppStore|ARM.ActiveCfg = TemplateBuilder|Any CPU
		{A6B76C5C-1CC1-4029-A9ED-313290352C80}.AppStore|ARM.Build.0 = TemplateBuilder|Any CPU
		{A6B76C5C-1CC1-4029-A9ED-313290352C80}.AppStore|iPhone.ActiveCfg = TemplateBuilder|Any CPU
		{A6B76C5C-1CC1-4029-A9ED-313290352C80}.AppStore|iPhone.Build.0 = TemplateBuilder|Any CPU
		{A6B76C5C-1CC1-4029-A9ED-313290352C80}.AppStore|iPhoneSimulator.ActiveCfg = TemplateBuilder|Any CPU
		{A6B76C5C-1CC1-4029-A9ED-313290352C80}.AppStore|iPhoneSimulator.Build.0 = TemplateBuilder|Any CPU
		{A6B76C5C-1CC1-4029-A9ED-313290352C80}.AppStore|x64.ActiveCfg = TemplateBuilder|x64
		{A6B76C5C-1CC1-4029-A9ED-313290352C80}.AppStore|x64.Build.0 = TemplateBuilder|x64
		{A6B76C5C-1CC1-4029-A9ED-313290352C80}.AppStore|x86.ActiveCfg = TemplateBuilder|x86
		{A6B76C5C-1CC1-4029-A9ED-313290352C80}.AppStore|x86.Build.0 = TemplateBuilder|x86
		{A6B76C5C-1CC1-4029-A9ED-313290352C80}.Debug|Any CPU.ActiveCfg = Debug|Any CPU
		{A6B76C5C-1CC1-4029-A9ED-313290352C80}.Debug|Any CPU.Build.0 = Debug|Any CPU
		{A6B76C5C-1CC1-4029-A9ED-313290352C80}.Debug|ARM.ActiveCfg = Debug|Any CPU
		{A6B76C5C-1CC1-4029-A9ED-313290352C80}.Debug|ARM.Build.0 = Debug|Any CPU
		{A6B76C5C-1CC1-4029-A9ED-313290352C80}.Debug|iPhone.ActiveCfg = Debug|Any CPU
		{A6B76C5C-1CC1-4029-A9ED-313290352C80}.Debug|iPhone.Build.0 = Debug|Any CPU
		{A6B76C5C-1CC1-4029-A9ED-313290352C80}.Debug|iPhoneSimulator.ActiveCfg = Debug|Any CPU
		{A6B76C5C-1CC1-4029-A9ED-313290352C80}.Debug|iPhoneSimulator.Build.0 = Debug|Any CPU
		{A6B76C5C-1CC1-4029-A9ED-313290352C80}.Debug|x64.ActiveCfg = Debug|x64
		{A6B76C5C-1CC1-4029-A9ED-313290352C80}.Debug|x64.Build.0 = Debug|x64
		{A6B76C5C-1CC1-4029-A9ED-313290352C80}.Debug|x86.ActiveCfg = Debug|x86
		{A6B76C5C-1CC1-4029-A9ED-313290352C80}.Debug|x86.Build.0 = Debug|x86
		{A6B76C5C-1CC1-4029-A9ED-313290352C80}.Online|Any CPU.ActiveCfg = Online|Any CPU
		{A6B76C5C-1CC1-4029-A9ED-313290352C80}.Online|Any CPU.Build.0 = Online|Any CPU
		{A6B76C5C-1CC1-4029-A9ED-313290352C80}.Online|ARM.ActiveCfg = Online|Any CPU
		{A6B76C5C-1CC1-4029-A9ED-313290352C80}.Online|ARM.Build.0 = Online|Any CPU
		{A6B76C5C-1CC1-4029-A9ED-313290352C80}.Online|iPhone.ActiveCfg = Online|Any CPU
		{A6B76C5C-1CC1-4029-A9ED-313290352C80}.Online|iPhone.Build.0 = Online|Any CPU
		{A6B76C5C-1CC1-4029-A9ED-313290352C80}.Online|iPhoneSimulator.ActiveCfg = Online|Any CPU
		{A6B76C5C-1CC1-4029-A9ED-313290352C80}.Online|iPhoneSimulator.Build.0 = Online|Any CPU
		{A6B76C5C-1CC1-4029-A9ED-313290352C80}.Online|x64.ActiveCfg = Online|x64
		{A6B76C5C-1CC1-4029-A9ED-313290352C80}.Online|x64.Build.0 = Online|x64
		{A6B76C5C-1CC1-4029-A9ED-313290352C80}.Online|x86.ActiveCfg = Online|x86
		{A6B76C5C-1CC1-4029-A9ED-313290352C80}.Online|x86.Build.0 = Online|x86
		{A6B76C5C-1CC1-4029-A9ED-313290352C80}.Release|Any CPU.ActiveCfg = Release|Any CPU
		{A6B76C5C-1CC1-4029-A9ED-313290352C80}.Release|Any CPU.Build.0 = Release|Any CPU
		{A6B76C5C-1CC1-4029-A9ED-313290352C80}.Release|ARM.ActiveCfg = Release|Any CPU
		{A6B76C5C-1CC1-4029-A9ED-313290352C80}.Release|ARM.Build.0 = Release|Any CPU
		{A6B76C5C-1CC1-4029-A9ED-313290352C80}.Release|iPhone.ActiveCfg = Release|Any CPU
		{A6B76C5C-1CC1-4029-A9ED-313290352C80}.Release|iPhone.Build.0 = Release|Any CPU
		{A6B76C5C-1CC1-4029-A9ED-313290352C80}.Release|iPhoneSimulator.ActiveCfg = Release|Any CPU
		{A6B76C5C-1CC1-4029-A9ED-313290352C80}.Release|iPhoneSimulator.Build.0 = Release|Any CPU
		{A6B76C5C-1CC1-4029-A9ED-313290352C80}.Release|x64.ActiveCfg = Release|x64
		{A6B76C5C-1CC1-4029-A9ED-313290352C80}.Release|x64.Build.0 = Release|x64
		{A6B76C5C-1CC1-4029-A9ED-313290352C80}.Release|x86.ActiveCfg = Release|x86
		{A6B76C5C-1CC1-4029-A9ED-313290352C80}.Release|x86.Build.0 = Release|x86
		{A6B76C5C-1CC1-4029-A9ED-313290352C80}.TemplateBuilder|Any CPU.ActiveCfg = TemplateBuilder|Any CPU
		{A6B76C5C-1CC1-4029-A9ED-313290352C80}.TemplateBuilder|Any CPU.Build.0 = TemplateBuilder|Any CPU
		{A6B76C5C-1CC1-4029-A9ED-313290352C80}.TemplateBuilder|ARM.ActiveCfg = TemplateBuilder|Any CPU
		{A6B76C5C-1CC1-4029-A9ED-313290352C80}.TemplateBuilder|ARM.Build.0 = TemplateBuilder|Any CPU
		{A6B76C5C-1CC1-4029-A9ED-313290352C80}.TemplateBuilder|iPhone.ActiveCfg = TemplateBuilder|Any CPU
		{A6B76C5C-1CC1-4029-A9ED-313290352C80}.TemplateBuilder|iPhone.Build.0 = TemplateBuilder|Any CPU
		{A6B76C5C-1CC1-4029-A9ED-313290352C80}.TemplateBuilder|iPhoneSimulator.ActiveCfg = TemplateBuilder|Any CPU
		{A6B76C5C-1CC1-4029-A9ED-313290352C80}.TemplateBuilder|iPhoneSimulator.Build.0 = TemplateBuilder|Any CPU
		{A6B76C5C-1CC1-4029-A9ED-313290352C80}.TemplateBuilder|x64.ActiveCfg = TemplateBuilder|x64
		{A6B76C5C-1CC1-4029-A9ED-313290352C80}.TemplateBuilder|x64.Build.0 = TemplateBuilder|x64
		{A6B76C5C-1CC1-4029-A9ED-313290352C80}.TemplateBuilder|x86.ActiveCfg = TemplateBuilder|x86
		{A6B76C5C-1CC1-4029-A9ED-313290352C80}.TemplateBuilder|x86.Build.0 = TemplateBuilder|x86
		{FC6EFC8E-7458-450B-9DAA-348DE4C5A59A}.Ad-Hoc|Any CPU.ActiveCfg = TemplateBuilder|Any CPU
		{FC6EFC8E-7458-450B-9DAA-348DE4C5A59A}.Ad-Hoc|Any CPU.Build.0 = TemplateBuilder|Any CPU
		{FC6EFC8E-7458-450B-9DAA-348DE4C5A59A}.Ad-Hoc|ARM.ActiveCfg = TemplateBuilder|Any CPU
		{FC6EFC8E-7458-450B-9DAA-348DE4C5A59A}.Ad-Hoc|ARM.Build.0 = TemplateBuilder|Any CPU
		{FC6EFC8E-7458-450B-9DAA-348DE4C5A59A}.Ad-Hoc|iPhone.ActiveCfg = TemplateBuilder|Any CPU
		{FC6EFC8E-7458-450B-9DAA-348DE4C5A59A}.Ad-Hoc|iPhone.Build.0 = TemplateBuilder|Any CPU
		{FC6EFC8E-7458-450B-9DAA-348DE4C5A59A}.Ad-Hoc|iPhoneSimulator.ActiveCfg = TemplateBuilder|Any CPU
		{FC6EFC8E-7458-450B-9DAA-348DE4C5A59A}.Ad-Hoc|iPhoneSimulator.Build.0 = TemplateBuilder|Any CPU
		{FC6EFC8E-7458-450B-9DAA-348DE4C5A59A}.Ad-Hoc|x64.ActiveCfg = TemplateBuilder|x64
		{FC6EFC8E-7458-450B-9DAA-348DE4C5A59A}.Ad-Hoc|x64.Build.0 = TemplateBuilder|x64
		{FC6EFC8E-7458-450B-9DAA-348DE4C5A59A}.Ad-Hoc|x86.ActiveCfg = TemplateBuilder|x86
		{FC6EFC8E-7458-450B-9DAA-348DE4C5A59A}.Ad-Hoc|x86.Build.0 = TemplateBuilder|x86
		{FC6EFC8E-7458-450B-9DAA-348DE4C5A59A}.AppStore|Any CPU.ActiveCfg = TemplateBuilder|Any CPU
		{FC6EFC8E-7458-450B-9DAA-348DE4C5A59A}.AppStore|Any CPU.Build.0 = TemplateBuilder|Any CPU
		{FC6EFC8E-7458-450B-9DAA-348DE4C5A59A}.AppStore|ARM.ActiveCfg = TemplateBuilder|Any CPU
		{FC6EFC8E-7458-450B-9DAA-348DE4C5A59A}.AppStore|ARM.Build.0 = TemplateBuilder|Any CPU
		{FC6EFC8E-7458-450B-9DAA-348DE4C5A59A}.AppStore|iPhone.ActiveCfg = TemplateBuilder|Any CPU
		{FC6EFC8E-7458-450B-9DAA-348DE4C5A59A}.AppStore|iPhone.Build.0 = TemplateBuilder|Any CPU
		{FC6EFC8E-7458-450B-9DAA-348DE4C5A59A}.AppStore|iPhoneSimulator.ActiveCfg = TemplateBuilder|Any CPU
		{FC6EFC8E-7458-450B-9DAA-348DE4C5A59A}.AppStore|iPhoneSimulator.Build.0 = TemplateBuilder|Any CPU
		{FC6EFC8E-7458-450B-9DAA-348DE4C5A59A}.AppStore|x64.ActiveCfg = TemplateBuilder|x64
		{FC6EFC8E-7458-450B-9DAA-348DE4C5A59A}.AppStore|x64.Build.0 = TemplateBuilder|x64
		{FC6EFC8E-7458-450B-9DAA-348DE4C5A59A}.AppStore|x86.ActiveCfg = TemplateBuilder|x86
		{FC6EFC8E-7458-450B-9DAA-348DE4C5A59A}.AppStore|x86.Build.0 = TemplateBuilder|x86
		{FC6EFC8E-7458-450B-9DAA-348DE4C5A59A}.Debug|Any CPU.ActiveCfg = Debug|Any CPU
		{FC6EFC8E-7458-450B-9DAA-348DE4C5A59A}.Debug|Any CPU.Build.0 = Debug|Any CPU
		{FC6EFC8E-7458-450B-9DAA-348DE4C5A59A}.Debug|ARM.ActiveCfg = Debug|Any CPU
		{FC6EFC8E-7458-450B-9DAA-348DE4C5A59A}.Debug|ARM.Build.0 = Debug|Any CPU
		{FC6EFC8E-7458-450B-9DAA-348DE4C5A59A}.Debug|iPhone.ActiveCfg = Debug|Any CPU
		{FC6EFC8E-7458-450B-9DAA-348DE4C5A59A}.Debug|iPhone.Build.0 = Debug|Any CPU
		{FC6EFC8E-7458-450B-9DAA-348DE4C5A59A}.Debug|iPhoneSimulator.ActiveCfg = Debug|Any CPU
		{FC6EFC8E-7458-450B-9DAA-348DE4C5A59A}.Debug|iPhoneSimulator.Build.0 = Debug|Any CPU
		{FC6EFC8E-7458-450B-9DAA-348DE4C5A59A}.Debug|x64.ActiveCfg = Debug|x64
		{FC6EFC8E-7458-450B-9DAA-348DE4C5A59A}.Debug|x64.Build.0 = Debug|x64
		{FC6EFC8E-7458-450B-9DAA-348DE4C5A59A}.Debug|x86.ActiveCfg = Debug|x86
		{FC6EFC8E-7458-450B-9DAA-348DE4C5A59A}.Debug|x86.Build.0 = Debug|x86
		{FC6EFC8E-7458-450B-9DAA-348DE4C5A59A}.Online|Any CPU.ActiveCfg = Online|Any CPU
		{FC6EFC8E-7458-450B-9DAA-348DE4C5A59A}.Online|Any CPU.Build.0 = Online|Any CPU
		{FC6EFC8E-7458-450B-9DAA-348DE4C5A59A}.Online|ARM.ActiveCfg = Online|Any CPU
		{FC6EFC8E-7458-450B-9DAA-348DE4C5A59A}.Online|ARM.Build.0 = Online|Any CPU
		{FC6EFC8E-7458-450B-9DAA-348DE4C5A59A}.Online|iPhone.ActiveCfg = Online|Any CPU
		{FC6EFC8E-7458-450B-9DAA-348DE4C5A59A}.Online|iPhone.Build.0 = Online|Any CPU
		{FC6EFC8E-7458-450B-9DAA-348DE4C5A59A}.Online|iPhoneSimulator.ActiveCfg = Online|Any CPU
		{FC6EFC8E-7458-450B-9DAA-348DE4C5A59A}.Online|iPhoneSimulator.Build.0 = Online|Any CPU
		{FC6EFC8E-7458-450B-9DAA-348DE4C5A59A}.Online|x64.ActiveCfg = Online|x64
		{FC6EFC8E-7458-450B-9DAA-348DE4C5A59A}.Online|x64.Build.0 = Online|x64
		{FC6EFC8E-7458-450B-9DAA-348DE4C5A59A}.Online|x86.ActiveCfg = Online|x86
		{FC6EFC8E-7458-450B-9DAA-348DE4C5A59A}.Online|x86.Build.0 = Online|x86
		{FC6EFC8E-7458-450B-9DAA-348DE4C5A59A}.Release|Any CPU.ActiveCfg = Release|Any CPU
		{FC6EFC8E-7458-450B-9DAA-348DE4C5A59A}.Release|Any CPU.Build.0 = Release|Any CPU
		{FC6EFC8E-7458-450B-9DAA-348DE4C5A59A}.Release|ARM.ActiveCfg = Release|Any CPU
		{FC6EFC8E-7458-450B-9DAA-348DE4C5A59A}.Release|ARM.Build.0 = Release|Any CPU
		{FC6EFC8E-7458-450B-9DAA-348DE4C5A59A}.Release|iPhone.ActiveCfg = Release|Any CPU
		{FC6EFC8E-7458-450B-9DAA-348DE4C5A59A}.Release|iPhone.Build.0 = Release|Any CPU
		{FC6EFC8E-7458-450B-9DAA-348DE4C5A59A}.Release|iPhoneSimulator.ActiveCfg = Release|Any CPU
		{FC6EFC8E-7458-450B-9DAA-348DE4C5A59A}.Release|iPhoneSimulator.Build.0 = Release|Any CPU
		{FC6EFC8E-7458-450B-9DAA-348DE4C5A59A}.Release|x64.ActiveCfg = Release|x64
		{FC6EFC8E-7458-450B-9DAA-348DE4C5A59A}.Release|x64.Build.0 = Release|x64
		{FC6EFC8E-7458-450B-9DAA-348DE4C5A59A}.Release|x86.ActiveCfg = Release|x86
		{FC6EFC8E-7458-450B-9DAA-348DE4C5A59A}.Release|x86.Build.0 = Release|x86
		{FC6EFC8E-7458-450B-9DAA-348DE4C5A59A}.TemplateBuilder|Any CPU.ActiveCfg = TemplateBuilder|Any CPU
		{FC6EFC8E-7458-450B-9DAA-348DE4C5A59A}.TemplateBuilder|Any CPU.Build.0 = TemplateBuilder|Any CPU
		{FC6EFC8E-7458-450B-9DAA-348DE4C5A59A}.TemplateBuilder|ARM.ActiveCfg = TemplateBuilder|Any CPU
		{FC6EFC8E-7458-450B-9DAA-348DE4C5A59A}.TemplateBuilder|ARM.Build.0 = TemplateBuilder|Any CPU
		{FC6EFC8E-7458-450B-9DAA-348DE4C5A59A}.TemplateBuilder|iPhone.ActiveCfg = TemplateBuilder|Any CPU
		{FC6EFC8E-7458-450B-9DAA-348DE4C5A59A}.TemplateBuilder|iPhone.Build.0 = TemplateBuilder|Any CPU
		{FC6EFC8E-7458-450B-9DAA-348DE4C5A59A}.TemplateBuilder|iPhoneSimulator.ActiveCfg = TemplateBuilder|Any CPU
		{FC6EFC8E-7458-450B-9DAA-348DE4C5A59A}.TemplateBuilder|iPhoneSimulator.Build.0 = TemplateBuilder|Any CPU
		{FC6EFC8E-7458-450B-9DAA-348DE4C5A59A}.TemplateBuilder|x64.ActiveCfg = TemplateBuilder|x64
		{FC6EFC8E-7458-450B-9DAA-348DE4C5A59A}.TemplateBuilder|x64.Build.0 = TemplateBuilder|x64
		{FC6EFC8E-7458-450B-9DAA-348DE4C5A59A}.TemplateBuilder|x86.ActiveCfg = TemplateBuilder|x86
		{FC6EFC8E-7458-450B-9DAA-348DE4C5A59A}.TemplateBuilder|x86.Build.0 = TemplateBuilder|x86
		{F0DF98E1-3409-4FB1-94E2-BBBEAA41EC74}.Ad-Hoc|Any CPU.ActiveCfg = Release|x86
		{F0DF98E1-3409-4FB1-94E2-BBBEAA41EC74}.Ad-Hoc|Any CPU.Build.0 = Release|x86
		{F0DF98E1-3409-4FB1-94E2-BBBEAA41EC74}.Ad-Hoc|ARM.ActiveCfg = Release|x86
		{F0DF98E1-3409-4FB1-94E2-BBBEAA41EC74}.Ad-Hoc|ARM.Build.0 = Release|x86
		{F0DF98E1-3409-4FB1-94E2-BBBEAA41EC74}.Ad-Hoc|iPhone.ActiveCfg = Release|x86
		{F0DF98E1-3409-4FB1-94E2-BBBEAA41EC74}.Ad-Hoc|iPhone.Build.0 = Release|x86
		{F0DF98E1-3409-4FB1-94E2-BBBEAA41EC74}.Ad-Hoc|iPhoneSimulator.ActiveCfg = Release|x86
		{F0DF98E1-3409-4FB1-94E2-BBBEAA41EC74}.Ad-Hoc|iPhoneSimulator.Build.0 = Release|x86
		{F0DF98E1-3409-4FB1-94E2-BBBEAA41EC74}.Ad-Hoc|x64.ActiveCfg = Release|x86
		{F0DF98E1-3409-4FB1-94E2-BBBEAA41EC74}.Ad-Hoc|x64.Build.0 = Release|x86
		{F0DF98E1-3409-4FB1-94E2-BBBEAA41EC74}.Ad-Hoc|x86.ActiveCfg = Release|x86
		{F0DF98E1-3409-4FB1-94E2-BBBEAA41EC74}.Ad-Hoc|x86.Build.0 = Release|x86
		{F0DF98E1-3409-4FB1-94E2-BBBEAA41EC74}.AppStore|Any CPU.ActiveCfg = Release|x86
		{F0DF98E1-3409-4FB1-94E2-BBBEAA41EC74}.AppStore|Any CPU.Build.0 = Release|x86
		{F0DF98E1-3409-4FB1-94E2-BBBEAA41EC74}.AppStore|ARM.ActiveCfg = Release|x86
		{F0DF98E1-3409-4FB1-94E2-BBBEAA41EC74}.AppStore|ARM.Build.0 = Release|x86
		{F0DF98E1-3409-4FB1-94E2-BBBEAA41EC74}.AppStore|iPhone.ActiveCfg = Release|x86
		{F0DF98E1-3409-4FB1-94E2-BBBEAA41EC74}.AppStore|iPhone.Build.0 = Release|x86
		{F0DF98E1-3409-4FB1-94E2-BBBEAA41EC74}.AppStore|iPhoneSimulator.ActiveCfg = Release|x86
		{F0DF98E1-3409-4FB1-94E2-BBBEAA41EC74}.AppStore|iPhoneSimulator.Build.0 = Release|x86
		{F0DF98E1-3409-4FB1-94E2-BBBEAA41EC74}.AppStore|x64.ActiveCfg = Release|x86
		{F0DF98E1-3409-4FB1-94E2-BBBEAA41EC74}.AppStore|x64.Build.0 = Release|x86
		{F0DF98E1-3409-4FB1-94E2-BBBEAA41EC74}.AppStore|x86.ActiveCfg = Release|x86
		{F0DF98E1-3409-4FB1-94E2-BBBEAA41EC74}.AppStore|x86.Build.0 = Release|x86
		{F0DF98E1-3409-4FB1-94E2-BBBEAA41EC74}.Debug|Any CPU.ActiveCfg = Debug|x86
		{F0DF98E1-3409-4FB1-94E2-BBBEAA41EC74}.Debug|ARM.ActiveCfg = Debug|x86
		{F0DF98E1-3409-4FB1-94E2-BBBEAA41EC74}.Debug|iPhone.ActiveCfg = Debug|x86
		{F0DF98E1-3409-4FB1-94E2-BBBEAA41EC74}.Debug|iPhoneSimulator.ActiveCfg = Debug|x86
		{F0DF98E1-3409-4FB1-94E2-BBBEAA41EC74}.Debug|x64.ActiveCfg = Debug|x86
		{F0DF98E1-3409-4FB1-94E2-BBBEAA41EC74}.Debug|x86.ActiveCfg = Debug|x86
		{F0DF98E1-3409-4FB1-94E2-BBBEAA41EC74}.Debug|x86.Build.0 = Debug|x86
		{F0DF98E1-3409-4FB1-94E2-BBBEAA41EC74}.Online|Any CPU.ActiveCfg = Release|x86
		{F0DF98E1-3409-4FB1-94E2-BBBEAA41EC74}.Online|Any CPU.Build.0 = Release|x86
		{F0DF98E1-3409-4FB1-94E2-BBBEAA41EC74}.Online|ARM.ActiveCfg = Release|x86
		{F0DF98E1-3409-4FB1-94E2-BBBEAA41EC74}.Online|ARM.Build.0 = Release|x86
		{F0DF98E1-3409-4FB1-94E2-BBBEAA41EC74}.Online|iPhone.ActiveCfg = Release|x86
		{F0DF98E1-3409-4FB1-94E2-BBBEAA41EC74}.Online|iPhone.Build.0 = Release|x86
		{F0DF98E1-3409-4FB1-94E2-BBBEAA41EC74}.Online|iPhoneSimulator.ActiveCfg = Release|x86
		{F0DF98E1-3409-4FB1-94E2-BBBEAA41EC74}.Online|iPhoneSimulator.Build.0 = Release|x86
		{F0DF98E1-3409-4FB1-94E2-BBBEAA41EC74}.Online|x64.ActiveCfg = Release|x86
		{F0DF98E1-3409-4FB1-94E2-BBBEAA41EC74}.Online|x64.Build.0 = Release|x86
		{F0DF98E1-3409-4FB1-94E2-BBBEAA41EC74}.Online|x86.ActiveCfg = Release|x86
		{F0DF98E1-3409-4FB1-94E2-BBBEAA41EC74}.Online|x86.Build.0 = Release|x86
		{F0DF98E1-3409-4FB1-94E2-BBBEAA41EC74}.Release|Any CPU.ActiveCfg = Release|x86
		{F0DF98E1-3409-4FB1-94E2-BBBEAA41EC74}.Release|ARM.ActiveCfg = Release|x86
		{F0DF98E1-3409-4FB1-94E2-BBBEAA41EC74}.Release|iPhone.ActiveCfg = Release|x86
		{F0DF98E1-3409-4FB1-94E2-BBBEAA41EC74}.Release|iPhoneSimulator.ActiveCfg = Release|x86
		{F0DF98E1-3409-4FB1-94E2-BBBEAA41EC74}.Release|x64.ActiveCfg = Release|x86
		{F0DF98E1-3409-4FB1-94E2-BBBEAA41EC74}.Release|x86.ActiveCfg = Release|x86
		{F0DF98E1-3409-4FB1-94E2-BBBEAA41EC74}.Release|x86.Build.0 = Release|x86
		{F0DF98E1-3409-4FB1-94E2-BBBEAA41EC74}.TemplateBuilder|Any CPU.ActiveCfg = Release|x86
		{F0DF98E1-3409-4FB1-94E2-BBBEAA41EC74}.TemplateBuilder|Any CPU.Build.0 = Release|x86
		{F0DF98E1-3409-4FB1-94E2-BBBEAA41EC74}.TemplateBuilder|ARM.ActiveCfg = Release|x86
		{F0DF98E1-3409-4FB1-94E2-BBBEAA41EC74}.TemplateBuilder|ARM.Build.0 = Release|x86
		{F0DF98E1-3409-4FB1-94E2-BBBEAA41EC74}.TemplateBuilder|iPhone.ActiveCfg = Release|x86
		{F0DF98E1-3409-4FB1-94E2-BBBEAA41EC74}.TemplateBuilder|iPhone.Build.0 = Release|x86
		{F0DF98E1-3409-4FB1-94E2-BBBEAA41EC74}.TemplateBuilder|iPhoneSimulator.ActiveCfg = Release|x86
		{F0DF98E1-3409-4FB1-94E2-BBBEAA41EC74}.TemplateBuilder|iPhoneSimulator.Build.0 = Release|x86
		{F0DF98E1-3409-4FB1-94E2-BBBEAA41EC74}.TemplateBuilder|x64.ActiveCfg = Release|x86
		{F0DF98E1-3409-4FB1-94E2-BBBEAA41EC74}.TemplateBuilder|x64.Build.0 = Release|x86
		{F0DF98E1-3409-4FB1-94E2-BBBEAA41EC74}.TemplateBuilder|x86.ActiveCfg = Release|x86
		{F0DF98E1-3409-4FB1-94E2-BBBEAA41EC74}.TemplateBuilder|x86.Build.0 = Release|x86
		{3C6E109A-7213-405E-A038-6F0A676B8266}.Ad-Hoc|Any CPU.ActiveCfg = Release|Any CPU
		{3C6E109A-7213-405E-A038-6F0A676B8266}.Ad-Hoc|Any CPU.Build.0 = Release|Any CPU
		{3C6E109A-7213-405E-A038-6F0A676B8266}.Ad-Hoc|ARM.ActiveCfg = Release|Any CPU
		{3C6E109A-7213-405E-A038-6F0A676B8266}.Ad-Hoc|ARM.Build.0 = Release|Any CPU
		{3C6E109A-7213-405E-A038-6F0A676B8266}.Ad-Hoc|iPhone.ActiveCfg = Release|Any CPU
		{3C6E109A-7213-405E-A038-6F0A676B8266}.Ad-Hoc|iPhone.Build.0 = Release|Any CPU
		{3C6E109A-7213-405E-A038-6F0A676B8266}.Ad-Hoc|iPhoneSimulator.ActiveCfg = Release|Any CPU
		{3C6E109A-7213-405E-A038-6F0A676B8266}.Ad-Hoc|iPhoneSimulator.Build.0 = Release|Any CPU
		{3C6E109A-7213-405E-A038-6F0A676B8266}.Ad-Hoc|x64.ActiveCfg = Release|Any CPU
		{3C6E109A-7213-405E-A038-6F0A676B8266}.Ad-Hoc|x64.Build.0 = Release|Any CPU
		{3C6E109A-7213-405E-A038-6F0A676B8266}.Ad-Hoc|x86.ActiveCfg = Release|Any CPU
		{3C6E109A-7213-405E-A038-6F0A676B8266}.Ad-Hoc|x86.Build.0 = Release|Any CPU
		{3C6E109A-7213-405E-A038-6F0A676B8266}.AppStore|Any CPU.ActiveCfg = Release|Any CPU
		{3C6E109A-7213-405E-A038-6F0A676B8266}.AppStore|Any CPU.Build.0 = Release|Any CPU
		{3C6E109A-7213-405E-A038-6F0A676B8266}.AppStore|ARM.ActiveCfg = Release|Any CPU
		{3C6E109A-7213-405E-A038-6F0A676B8266}.AppStore|ARM.Build.0 = Release|Any CPU
		{3C6E109A-7213-405E-A038-6F0A676B8266}.AppStore|iPhone.ActiveCfg = Release|Any CPU
		{3C6E109A-7213-405E-A038-6F0A676B8266}.AppStore|iPhone.Build.0 = Release|Any CPU
		{3C6E109A-7213-405E-A038-6F0A676B8266}.AppStore|iPhoneSimulator.ActiveCfg = Release|Any CPU
		{3C6E109A-7213-405E-A038-6F0A676B8266}.AppStore|iPhoneSimulator.Build.0 = Release|Any CPU
		{3C6E109A-7213-405E-A038-6F0A676B8266}.AppStore|x64.ActiveCfg = Release|Any CPU
		{3C6E109A-7213-405E-A038-6F0A676B8266}.AppStore|x64.Build.0 = Release|Any CPU
		{3C6E109A-7213-405E-A038-6F0A676B8266}.AppStore|x86.ActiveCfg = Release|Any CPU
		{3C6E109A-7213-405E-A038-6F0A676B8266}.AppStore|x86.Build.0 = Release|Any CPU
		{3C6E109A-7213-405E-A038-6F0A676B8266}.Debug|Any CPU.ActiveCfg = Debug|Any CPU
		{3C6E109A-7213-405E-A038-6F0A676B8266}.Debug|Any CPU.Build.0 = Debug|Any CPU
		{3C6E109A-7213-405E-A038-6F0A676B8266}.Debug|ARM.ActiveCfg = Debug|Any CPU
		{3C6E109A-7213-405E-A038-6F0A676B8266}.Debug|ARM.Build.0 = Debug|Any CPU
		{3C6E109A-7213-405E-A038-6F0A676B8266}.Debug|iPhone.ActiveCfg = Debug|Any CPU
		{3C6E109A-7213-405E-A038-6F0A676B8266}.Debug|iPhone.Build.0 = Debug|Any CPU
		{3C6E109A-7213-405E-A038-6F0A676B8266}.Debug|iPhoneSimulator.ActiveCfg = Debug|Any CPU
		{3C6E109A-7213-405E-A038-6F0A676B8266}.Debug|iPhoneSimulator.Build.0 = Debug|Any CPU
		{3C6E109A-7213-405E-A038-6F0A676B8266}.Debug|x64.ActiveCfg = Debug|Any CPU
		{3C6E109A-7213-405E-A038-6F0A676B8266}.Debug|x64.Build.0 = Debug|Any CPU
		{3C6E109A-7213-405E-A038-6F0A676B8266}.Debug|x86.ActiveCfg = Debug|Any CPU
		{3C6E109A-7213-405E-A038-6F0A676B8266}.Debug|x86.Build.0 = Debug|Any CPU
		{3C6E109A-7213-405E-A038-6F0A676B8266}.Online|Any CPU.ActiveCfg = Release|Any CPU
		{3C6E109A-7213-405E-A038-6F0A676B8266}.Online|Any CPU.Build.0 = Release|Any CPU
		{3C6E109A-7213-405E-A038-6F0A676B8266}.Online|ARM.ActiveCfg = Release|Any CPU
		{3C6E109A-7213-405E-A038-6F0A676B8266}.Online|ARM.Build.0 = Release|Any CPU
		{3C6E109A-7213-405E-A038-6F0A676B8266}.Online|iPhone.ActiveCfg = Release|Any CPU
		{3C6E109A-7213-405E-A038-6F0A676B8266}.Online|iPhone.Build.0 = Release|Any CPU
		{3C6E109A-7213-405E-A038-6F0A676B8266}.Online|iPhoneSimulator.ActiveCfg = Release|Any CPU
		{3C6E109A-7213-405E-A038-6F0A676B8266}.Online|iPhoneSimulator.Build.0 = Release|Any CPU
		{3C6E109A-7213-405E-A038-6F0A676B8266}.Online|x64.ActiveCfg = Release|Any CPU
		{3C6E109A-7213-405E-A038-6F0A676B8266}.Online|x64.Build.0 = Release|Any CPU
		{3C6E109A-7213-405E-A038-6F0A676B8266}.Online|x86.ActiveCfg = Release|Any CPU
		{3C6E109A-7213-405E-A038-6F0A676B8266}.Online|x86.Build.0 = Release|Any CPU
		{3C6E109A-7213-405E-A038-6F0A676B8266}.Release|Any CPU.ActiveCfg = Release|Any CPU
		{3C6E109A-7213-405E-A038-6F0A676B8266}.Release|Any CPU.Build.0 = Release|Any CPU
		{3C6E109A-7213-405E-A038-6F0A676B8266}.Release|ARM.ActiveCfg = Release|Any CPU
		{3C6E109A-7213-405E-A038-6F0A676B8266}.Release|ARM.Build.0 = Release|Any CPU
		{3C6E109A-7213-405E-A038-6F0A676B8266}.Release|iPhone.ActiveCfg = Release|Any CPU
		{3C6E109A-7213-405E-A038-6F0A676B8266}.Release|iPhone.Build.0 = Release|Any CPU
		{3C6E109A-7213-405E-A038-6F0A676B8266}.Release|iPhoneSimulator.ActiveCfg = Release|Any CPU
		{3C6E109A-7213-405E-A038-6F0A676B8266}.Release|iPhoneSimulator.Build.0 = Release|Any CPU
		{3C6E109A-7213-405E-A038-6F0A676B8266}.Release|x64.ActiveCfg = Release|Any CPU
		{3C6E109A-7213-405E-A038-6F0A676B8266}.Release|x64.Build.0 = Release|Any CPU
		{3C6E109A-7213-405E-A038-6F0A676B8266}.Release|x86.ActiveCfg = Release|Any CPU
		{3C6E109A-7213-405E-A038-6F0A676B8266}.Release|x86.Build.0 = Release|Any CPU
		{3C6E109A-7213-405E-A038-6F0A676B8266}.TemplateBuilder|Any CPU.ActiveCfg = Release|Any CPU
		{3C6E109A-7213-405E-A038-6F0A676B8266}.TemplateBuilder|Any CPU.Build.0 = Release|Any CPU
		{3C6E109A-7213-405E-A038-6F0A676B8266}.TemplateBuilder|ARM.ActiveCfg = Release|Any CPU
		{3C6E109A-7213-405E-A038-6F0A676B8266}.TemplateBuilder|ARM.Build.0 = Release|Any CPU
		{3C6E109A-7213-405E-A038-6F0A676B8266}.TemplateBuilder|iPhone.ActiveCfg = Release|Any CPU
		{3C6E109A-7213-405E-A038-6F0A676B8266}.TemplateBuilder|iPhone.Build.0 = Release|Any CPU
		{3C6E109A-7213-405E-A038-6F0A676B8266}.TemplateBuilder|iPhoneSimulator.ActiveCfg = Release|Any CPU
		{3C6E109A-7213-405E-A038-6F0A676B8266}.TemplateBuilder|iPhoneSimulator.Build.0 = Release|Any CPU
		{3C6E109A-7213-405E-A038-6F0A676B8266}.TemplateBuilder|x64.ActiveCfg = Release|Any CPU
		{3C6E109A-7213-405E-A038-6F0A676B8266}.TemplateBuilder|x64.Build.0 = Release|Any CPU
		{3C6E109A-7213-405E-A038-6F0A676B8266}.TemplateBuilder|x86.ActiveCfg = Release|Any CPU
		{3C6E109A-7213-405E-A038-6F0A676B8266}.TemplateBuilder|x86.Build.0 = Release|Any CPU
		{EB9EF60E-216D-4E71-AE44-D5DBEC2E5199}.Ad-Hoc|Any CPU.ActiveCfg = Release|Any CPU
		{EB9EF60E-216D-4E71-AE44-D5DBEC2E5199}.Ad-Hoc|Any CPU.Build.0 = Release|Any CPU
		{EB9EF60E-216D-4E71-AE44-D5DBEC2E5199}.Ad-Hoc|ARM.ActiveCfg = Release|Any CPU
		{EB9EF60E-216D-4E71-AE44-D5DBEC2E5199}.Ad-Hoc|ARM.Build.0 = Release|Any CPU
		{EB9EF60E-216D-4E71-AE44-D5DBEC2E5199}.Ad-Hoc|iPhone.ActiveCfg = Release|Any CPU
		{EB9EF60E-216D-4E71-AE44-D5DBEC2E5199}.Ad-Hoc|iPhone.Build.0 = Release|Any CPU
		{EB9EF60E-216D-4E71-AE44-D5DBEC2E5199}.Ad-Hoc|iPhoneSimulator.ActiveCfg = Release|Any CPU
		{EB9EF60E-216D-4E71-AE44-D5DBEC2E5199}.Ad-Hoc|iPhoneSimulator.Build.0 = Release|Any CPU
		{EB9EF60E-216D-4E71-AE44-D5DBEC2E5199}.Ad-Hoc|x64.ActiveCfg = Release|Any CPU
		{EB9EF60E-216D-4E71-AE44-D5DBEC2E5199}.Ad-Hoc|x64.Build.0 = Release|Any CPU
		{EB9EF60E-216D-4E71-AE44-D5DBEC2E5199}.Ad-Hoc|x86.ActiveCfg = Release|Any CPU
		{EB9EF60E-216D-4E71-AE44-D5DBEC2E5199}.Ad-Hoc|x86.Build.0 = Release|Any CPU
		{EB9EF60E-216D-4E71-AE44-D5DBEC2E5199}.AppStore|Any CPU.ActiveCfg = Release|Any CPU
		{EB9EF60E-216D-4E71-AE44-D5DBEC2E5199}.AppStore|Any CPU.Build.0 = Release|Any CPU
		{EB9EF60E-216D-4E71-AE44-D5DBEC2E5199}.AppStore|ARM.ActiveCfg = Release|Any CPU
		{EB9EF60E-216D-4E71-AE44-D5DBEC2E5199}.AppStore|ARM.Build.0 = Release|Any CPU
		{EB9EF60E-216D-4E71-AE44-D5DBEC2E5199}.AppStore|iPhone.ActiveCfg = Release|Any CPU
		{EB9EF60E-216D-4E71-AE44-D5DBEC2E5199}.AppStore|iPhone.Build.0 = Release|Any CPU
		{EB9EF60E-216D-4E71-AE44-D5DBEC2E5199}.AppStore|iPhoneSimulator.ActiveCfg = Release|Any CPU
		{EB9EF60E-216D-4E71-AE44-D5DBEC2E5199}.AppStore|iPhoneSimulator.Build.0 = Release|Any CPU
		{EB9EF60E-216D-4E71-AE44-D5DBEC2E5199}.AppStore|x64.ActiveCfg = Release|Any CPU
		{EB9EF60E-216D-4E71-AE44-D5DBEC2E5199}.AppStore|x64.Build.0 = Release|Any CPU
		{EB9EF60E-216D-4E71-AE44-D5DBEC2E5199}.AppStore|x86.ActiveCfg = Release|Any CPU
		{EB9EF60E-216D-4E71-AE44-D5DBEC2E5199}.AppStore|x86.Build.0 = Release|Any CPU
		{EB9EF60E-216D-4E71-AE44-D5DBEC2E5199}.Debug|Any CPU.ActiveCfg = Debug|Any CPU
		{EB9EF60E-216D-4E71-AE44-D5DBEC2E5199}.Debug|ARM.ActiveCfg = Debug|Any CPU
		{EB9EF60E-216D-4E71-AE44-D5DBEC2E5199}.Debug|ARM.Build.0 = Debug|Any CPU
		{EB9EF60E-216D-4E71-AE44-D5DBEC2E5199}.Debug|iPhone.ActiveCfg = Debug|Any CPU
		{EB9EF60E-216D-4E71-AE44-D5DBEC2E5199}.Debug|iPhone.Build.0 = Debug|Any CPU
		{EB9EF60E-216D-4E71-AE44-D5DBEC2E5199}.Debug|iPhoneSimulator.ActiveCfg = Debug|Any CPU
		{EB9EF60E-216D-4E71-AE44-D5DBEC2E5199}.Debug|iPhoneSimulator.Build.0 = Debug|Any CPU
		{EB9EF60E-216D-4E71-AE44-D5DBEC2E5199}.Debug|x64.ActiveCfg = Debug|Any CPU
		{EB9EF60E-216D-4E71-AE44-D5DBEC2E5199}.Debug|x64.Build.0 = Debug|Any CPU
		{EB9EF60E-216D-4E71-AE44-D5DBEC2E5199}.Debug|x86.ActiveCfg = Debug|Any CPU
		{EB9EF60E-216D-4E71-AE44-D5DBEC2E5199}.Debug|x86.Build.0 = Debug|Any CPU
		{EB9EF60E-216D-4E71-AE44-D5DBEC2E5199}.Online|Any CPU.ActiveCfg = Release|Any CPU
		{EB9EF60E-216D-4E71-AE44-D5DBEC2E5199}.Online|Any CPU.Build.0 = Release|Any CPU
		{EB9EF60E-216D-4E71-AE44-D5DBEC2E5199}.Online|ARM.ActiveCfg = Release|Any CPU
		{EB9EF60E-216D-4E71-AE44-D5DBEC2E5199}.Online|ARM.Build.0 = Release|Any CPU
		{EB9EF60E-216D-4E71-AE44-D5DBEC2E5199}.Online|iPhone.ActiveCfg = Release|Any CPU
		{EB9EF60E-216D-4E71-AE44-D5DBEC2E5199}.Online|iPhone.Build.0 = Release|Any CPU
		{EB9EF60E-216D-4E71-AE44-D5DBEC2E5199}.Online|iPhoneSimulator.ActiveCfg = Release|Any CPU
		{EB9EF60E-216D-4E71-AE44-D5DBEC2E5199}.Online|iPhoneSimulator.Build.0 = Release|Any CPU
		{EB9EF60E-216D-4E71-AE44-D5DBEC2E5199}.Online|x64.ActiveCfg = Release|Any CPU
		{EB9EF60E-216D-4E71-AE44-D5DBEC2E5199}.Online|x64.Build.0 = Release|Any CPU
		{EB9EF60E-216D-4E71-AE44-D5DBEC2E5199}.Online|x86.ActiveCfg = Release|Any CPU
		{EB9EF60E-216D-4E71-AE44-D5DBEC2E5199}.Online|x86.Build.0 = Release|Any CPU
		{EB9EF60E-216D-4E71-AE44-D5DBEC2E5199}.Release|Any CPU.ActiveCfg = Release|Any CPU
		{EB9EF60E-216D-4E71-AE44-D5DBEC2E5199}.Release|Any CPU.Build.0 = Release|Any CPU
		{EB9EF60E-216D-4E71-AE44-D5DBEC2E5199}.Release|ARM.ActiveCfg = Release|Any CPU
		{EB9EF60E-216D-4E71-AE44-D5DBEC2E5199}.Release|ARM.Build.0 = Release|Any CPU
		{EB9EF60E-216D-4E71-AE44-D5DBEC2E5199}.Release|iPhone.ActiveCfg = Release|Any CPU
		{EB9EF60E-216D-4E71-AE44-D5DBEC2E5199}.Release|iPhone.Build.0 = Release|Any CPU
		{EB9EF60E-216D-4E71-AE44-D5DBEC2E5199}.Release|iPhoneSimulator.ActiveCfg = Release|Any CPU
		{EB9EF60E-216D-4E71-AE44-D5DBEC2E5199}.Release|iPhoneSimulator.Build.0 = Release|Any CPU
		{EB9EF60E-216D-4E71-AE44-D5DBEC2E5199}.Release|x64.ActiveCfg = Release|Any CPU
		{EB9EF60E-216D-4E71-AE44-D5DBEC2E5199}.Release|x64.Build.0 = Release|Any CPU
		{EB9EF60E-216D-4E71-AE44-D5DBEC2E5199}.Release|x86.ActiveCfg = Release|Any CPU
		{EB9EF60E-216D-4E71-AE44-D5DBEC2E5199}.Release|x86.Build.0 = Release|Any CPU
		{EB9EF60E-216D-4E71-AE44-D5DBEC2E5199}.TemplateBuilder|Any CPU.ActiveCfg = Release|Any CPU
		{EB9EF60E-216D-4E71-AE44-D5DBEC2E5199}.TemplateBuilder|Any CPU.Build.0 = Release|Any CPU
		{EB9EF60E-216D-4E71-AE44-D5DBEC2E5199}.TemplateBuilder|ARM.ActiveCfg = Release|Any CPU
		{EB9EF60E-216D-4E71-AE44-D5DBEC2E5199}.TemplateBuilder|ARM.Build.0 = Release|Any CPU
		{EB9EF60E-216D-4E71-AE44-D5DBEC2E5199}.TemplateBuilder|iPhone.ActiveCfg = Release|Any CPU
		{EB9EF60E-216D-4E71-AE44-D5DBEC2E5199}.TemplateBuilder|iPhone.Build.0 = Release|Any CPU
		{EB9EF60E-216D-4E71-AE44-D5DBEC2E5199}.TemplateBuilder|iPhoneSimulator.ActiveCfg = Release|Any CPU
		{EB9EF60E-216D-4E71-AE44-D5DBEC2E5199}.TemplateBuilder|iPhoneSimulator.Build.0 = Release|Any CPU
		{EB9EF60E-216D-4E71-AE44-D5DBEC2E5199}.TemplateBuilder|x64.ActiveCfg = Release|Any CPU
		{EB9EF60E-216D-4E71-AE44-D5DBEC2E5199}.TemplateBuilder|x64.Build.0 = Release|Any CPU
		{EB9EF60E-216D-4E71-AE44-D5DBEC2E5199}.TemplateBuilder|x86.ActiveCfg = Release|Any CPU
		{EB9EF60E-216D-4E71-AE44-D5DBEC2E5199}.TemplateBuilder|x86.Build.0 = Release|Any CPU
	EndGlobalSection
	GlobalSection(SolutionProperties) = preSolution
		HideSolutionNode = FALSE
	EndGlobalSection
	GlobalSection(NestedProjects) = preSolution
		{108F5FA9-CABB-42B3-AB25-417320A22C4A} = {E99DB3E1-0FFB-42CF-86BB-22B6CC886651}
		{3CB12A15-41D0-4BCE-BCF9-94AFD809493E} = {56AE688E-E745-454E-B96E-A4CE538E3B6D}
		{6EEB1A69-55DE-4F0D-9A2D-C727A301A060} = {E99DB3E1-0FFB-42CF-86BB-22B6CC886651}
		{C7AEB060-AA1C-4DF0-82F2-65ACFD614F3B} = {E99DB3E1-0FFB-42CF-86BB-22B6CC886651}
		{A6B76C5C-1CC1-4029-A9ED-313290352C80} = {E99DB3E1-0FFB-42CF-86BB-22B6CC886651}
		{FC6EFC8E-7458-450B-9DAA-348DE4C5A59A} = {5414F884-97DD-4C80-B7E9-D9F0483E75D4}
		{F0DF98E1-3409-4FB1-94E2-BBBEAA41EC74} = {E99DB3E1-0FFB-42CF-86BB-22B6CC886651}
		{3C6E109A-7213-405E-A038-6F0A676B8266} = {56AE688E-E745-454E-B96E-A4CE538E3B6D}
		{EB9EF60E-216D-4E71-AE44-D5DBEC2E5199} = {56AE688E-E745-454E-B96E-A4CE538E3B6D}
	EndGlobalSection
EndGlobal
